PODS:
  - CocoaLumberjack/Core (3.8.0)
  - CocoaLumberjack/Swift (3.8.0):
    - CocoaLumberjack/Core
  - ESPullToRefresh (2.9.3)
  - FMDB (2.7.5):
    - FMDB/standard (= 2.7.5)
  - FMDB/standard (2.7.5)
  - JTAppleCalendar (8.0.4)
  - Mantle (2.2.0):
    - Mantle/extobjc (= 2.2.0)
  - Mantle/extobjc (2.2.0)
  - mobile-ffmpeg-full (4.4)
  - SnapKit (5.6.0)
  - SPAlert (4.2.0)
  - SPLarkController (1.2.1)
  - SPPermissions/Core (7.1.5)
  - SPPermissions/PhotoLibrary (7.1.5):
    - SPPermissions/Core
  - SPStorkController (1.8.5)
  - SwiftyJSON (5.0.1)
  - Toast-Swift (5.0.1)

DEPENDENCIES:
  - CocoaLumberjack/Swift
  - ESPullToRefresh
  - FMDB
  - JTAppleCalendar
  - Mantle
  - mobile-ffmpeg-full (~> 4.4)
  - SnapKit
  - SPAlert
  - SPLarkController
  - SPPermissions/PhotoLibrary
  - SPStorkController
  - SwiftyJSON
  - Toast-Swift

SPEC REPOS:
  https://github.com/CocoaPods/Specs.git:
    - CocoaLumberjack
    - ESPullToRefresh
    - FMDB
    - JTAppleCalendar
    - Mantle
    - mobile-ffmpeg-full
    - SnapKit
    - SPAlert
    - SPLarkController
    - SPPermissions
    - SPStorkController
    - SwiftyJSON
    - Toast-Swift

SPEC CHECKSUMS:
  CocoaLumberjack: 78abfb691154e2a9df8ded4350d504ee19d90732
  ESPullToRefresh: 0d68daa602b343c81753a1b95e09fd0bfcddfd40
  FMDB: 2ce00b547f966261cd18927a3ddb07cb6f3db82a
  JTAppleCalendar: f95b02c64f56d6f938fbf6582a04dcab9d709ebd
  Mantle: c5aa8794a29a022dfbbfc9799af95f477a69b62d
  mobile-ffmpeg-full: 505c583d91ac1c4fb2b015787e69d83f83fb8f29
  SnapKit: e01d52ebb8ddbc333eefe2132acf85c8227d9c25
  SPAlert: 735da1f16a887e294719217572ce1f936d8c8782
  SPLarkController: cab167397d8d891270ada97421fbd3db94cfb7c5
  SPPermissions: c63ac1132badad39917de03a3c9dc2429ace94be
  SPStorkController: 68966ed3134de2be2a8bbd1475c7e81f3f7d01ee
  SwiftyJSON: 2f33a42c6fbc52764d96f13368585094bfd8aa5e
  Toast-Swift: 9b6a70f28b3bf0b96c40d46c0c4b9d6639846711

PODFILE CHECKSUM: 53efe3b7074c768fb8496ef16dfcdef05231a20c

COCOAPODS: 1.12.0
