PODS:
  - Cache (5.2.0)
  - Charts (3.3.0):
    - Charts/Core (= 3.3.0)
  - Charts/Core (3.3.0)
  - CoreGPX (0.5.6)
  - GRDB.swift (4.1.1):
    - GRDB.swift/standard (= 4.1.1)
  - GRDB.swift/standard (4.1.1)
  - Kanna (5.0.0)
  - LocoKit (7.0.0):
    - LocoKit/Base (= 7.0.0)
  - LocoKit/Base (7.0.0):
    - LocoKitCore (= 7.0.0)
    - Upsurge (~> 0.10)
  - LocoKit/Timelines (7.0.0):
    - GRDB.swift (~> 4)
    - LocoKit/Base
  - LocoKitCore (7.0.0)
  - Mapbox-iOS-SDK (5.1.0)
  - RxCocoa (5.0.0):
    - RxRelay (~> 5)
    - RxSwift (~> 5)
  - RxRelay (5.0.0):
    - RxSwift (~> 5)
  - RxSwift (5.0.0)
  - SPAlert (1.1.1)
  - SPLarkController (1.1)
  - SPPermission/Camera (4.0.5):
    - SPPermission/Core
  - SPPermission/Core (4.0.5)
  - SPPermission/Location (4.0.5):
    - SPPermission/Core
  - SPPermission/Microphone (4.0.5):
    - SPPermission/Core
  - SPPermission/Notification (4.0.5):
    - SPPermission/Core
  - SPStorkController (1.7.6)
  - SQLite.swift (0.12.2):
    - SQLite.swift/standard (= 0.12.2)
  - SQLite.swift/standard (0.12.2)
  - Upsurge (0.10.2)

DEPENDENCIES:
  - Cache
  - Charts
  - CoreGPX
  - Kanna
  - LocoKit (from `https://github.com/sobri909/LocoKit.git`, branch `develop`)
  - LocoKit/Timelines (from `https://github.com/sobri909/LocoKit.git`, branch `develop`)
  - LocoKitCore (from `https://github.com/sobri909/LocoKit.git`, branch `develop`)
  - Mapbox-iOS-SDK
  - RxCocoa
  - RxSwift
  - SPAlert
  - SPLarkController
  - SPPermission/Camera
  - SPPermission/Location
  - SPPermission/Microphone
  - SPPermission/Notification
  - SPStorkController
  - SQLite.swift
  - Upsurge

SPEC REPOS:
  https://cdn.jsdelivr.net/cocoa/:
    - Cache
    - Charts
    - CoreGPX
    - GRDB.swift
    - Kanna
    - Mapbox-iOS-SDK
    - RxCocoa
    - RxRelay
    - RxSwift
    - SQLite.swift
    - Upsurge
  https://github.com/cocoapods/specs.git:
    - SPAlert
    - SPLarkController
    - SPPermission
    - SPStorkController

EXTERNAL SOURCES:
  LocoKit:
    :branch: develop
    :git: https://github.com/sobri909/LocoKit.git
  LocoKitCore:
    :branch: develop
    :git: https://github.com/sobri909/LocoKit.git

CHECKOUT OPTIONS:
  LocoKit:
    :commit: a46553f505d9cd11796a4da1f8712e5a45ec79d9
    :git: https://github.com/sobri909/LocoKit.git
  LocoKitCore:
    :commit: a46553f505d9cd11796a4da1f8712e5a45ec79d9
    :git: https://github.com/sobri909/LocoKit.git

SPEC CHECKSUMS:
  Cache: 807c5d86d01a177f06ede9865add3aea269bbfd4
  Charts: e0dd4cd8f257bccf98407b58183ddca8e8d5b578
  CoreGPX: 17db3429e5267e7e7089bead227b8afc94c928d9
  GRDB.swift: 99b10e1afa666ff024d76e38b37fefd34b57def4
  Kanna: a32875df62975f8f4b871e933b4ea1a5c3b8be0f
  LocoKit: 4c1bbb1fe8266320f0c8ed9dfcd3d145a77e38ff
  LocoKitCore: 30cff6a1e4ac5a32eefe232c19e24fd79485661d
  Mapbox-iOS-SDK: 4106f0f6808a0362233a703fb22369b3af3e9b8c
  RxCocoa: fcf32050ac00d801f34a7f71d5e8e7f23026dcd8
  RxRelay: 4f7409406a51a55cd88483f21ed898c234d60f18
  RxSwift: 8b0671caa829a763bbce7271095859121cbd895f
  SPAlert: 292690a27df49ff131d532a0a39d89b08dd93e4d
  SPLarkController: 22c79e54b12a29705b87ee0179455e1c51f2fdc8
  SPPermission: ef54994522bdf471ce1fe6aea267bf471a9de701
  SPStorkController: 6d0d0716a4e9e8245aa80715ffc57491b428569e
  SQLite.swift: d2b4642190917051ce6bd1d49aab565fe794eea3
  Upsurge: 5866beadc3da27f91c5df4ac795deb3f3238d678

PODFILE CHECKSUM: bc94996ca30b08943db76d83ec13b0c0973fbcf4

COCOAPODS: 1.7.2
