// !$*UTF8*$!
{
	archiveVersion = 1;
	classes = {
	};
	objectVersion = 55;
	objects = {

/* Begin PBXBuildFile section */
		67E0EF761B9F822199A44C39 /* Pods_PhotoBrowse.framework in Frameworks */ = {isa = PBXBuildFile; fileRef = FE22DA5448B9B52D4A8BA9D6 /* Pods_PhotoBrowse.framework */; };
		7D0190DF2722B80F008AB2F5 /* AppDelegate.swift in Sources */ = {isa = PBXBuildFile; fileRef = 7D0190DE2722B80F008AB2F5 /* AppDelegate.swift */; };
		7D0190E12722B80F008AB2F5 /* SceneDelegate.swift in Sources */ = {isa = PBXBuildFile; fileRef = 7D0190E02722B80F008AB2F5 /* SceneDelegate.swift */; };
		7D0190E32722B80F008AB2F5 /* ViewController.swift in Sources */ = {isa = PBXBuildFile; fileRef = 7D0190E22722B80F008AB2F5 /* ViewController.swift */; };
		7D0190E62722B80F008AB2F5 /* Main.storyboard in Resources */ = {isa = PBXBuildFile; fileRef = 7D0190E42722B80F008AB2F5 /* Main.storyboard */; };
		7D0190E82722B813008AB2F5 /* Assets.xcassets in Resources */ = {isa = PBXBuildFile; fileRef = 7D0190E72722B813008AB2F5 /* Assets.xcassets */; };
		7D0190EB2722B813008AB2F5 /* LaunchScreen.storyboard in Resources */ = {isa = PBXBuildFile; fileRef = 7D0190E92722B813008AB2F5 /* LaunchScreen.storyboard */; };
		7D0190FF2722BC61008AB2F5 /* GridViewCell.swift in Sources */ = {isa = PBXBuildFile; fileRef = 7D0190FB2722BC60008AB2F5 /* GridViewCell.swift */; };
		7D0191002722BC61008AB2F5 /* AssetGridViewController.swift in Sources */ = {isa = PBXBuildFile; fileRef = 7D0190FC2722BC60008AB2F5 /* AssetGridViewController.swift */; };
		7D0191012722BC61008AB2F5 /* AssetViewController.swift in Sources */ = {isa = PBXBuildFile; fileRef = 7D0190FD2722BC60008AB2F5 /* AssetViewController.swift */; };
		7D0191022722BC61008AB2F5 /* MainController.swift in Sources */ = {isa = PBXBuildFile; fileRef = 7D0190FE2722BC60008AB2F5 /* MainController.swift */; };
		7D8F9AFD272DA84500005D0F /* DBTools.swift in Sources */ = {isa = PBXBuildFile; fileRef = 7D8F9AFC272DA84500005D0F /* DBTools.swift */; };
		7DD84642272E38E4003DBACF /* ToolsController.swift in Sources */ = {isa = PBXBuildFile; fileRef = 7DD84641272E38E4003DBACF /* ToolsController.swift */; };
		7DD84644272E3AC3003DBACF /* LocationManagerController.swift in Sources */ = {isa = PBXBuildFile; fileRef = 7DD84643272E3AC3003DBACF /* LocationManagerController.swift */; };
/* End PBXBuildFile section */

/* Begin PBXFileReference section */
		1AAFC7F137FC7E293C158D25 /* Pods-PhotoBrowse.release.xcconfig */ = {isa = PBXFileReference; includeInIndex = 1; lastKnownFileType = text.xcconfig; name = "Pods-PhotoBrowse.release.xcconfig"; path = "Target Support Files/Pods-PhotoBrowse/Pods-PhotoBrowse.release.xcconfig"; sourceTree = "<group>"; };
		3F87DD9D182A90A9B753D33B /* Pods-PhotoBrowse.debug.xcconfig */ = {isa = PBXFileReference; includeInIndex = 1; lastKnownFileType = text.xcconfig; name = "Pods-PhotoBrowse.debug.xcconfig"; path = "Target Support Files/Pods-PhotoBrowse/Pods-PhotoBrowse.debug.xcconfig"; sourceTree = "<group>"; };
		7D0190DB2722B80E008AB2F5 /* PhotoBrowse.app */ = {isa = PBXFileReference; explicitFileType = wrapper.application; includeInIndex = 0; path = PhotoBrowse.app; sourceTree = BUILT_PRODUCTS_DIR; };
		7D0190DE2722B80F008AB2F5 /* AppDelegate.swift */ = {isa = PBXFileReference; lastKnownFileType = sourcecode.swift; path = AppDelegate.swift; sourceTree = "<group>"; };
		7D0190E02722B80F008AB2F5 /* SceneDelegate.swift */ = {isa = PBXFileReference; lastKnownFileType = sourcecode.swift; path = SceneDelegate.swift; sourceTree = "<group>"; };
		7D0190E22722B80F008AB2F5 /* ViewController.swift */ = {isa = PBXFileReference; lastKnownFileType = sourcecode.swift; path = ViewController.swift; sourceTree = "<group>"; };
		7D0190E52722B80F008AB2F5 /* Base */ = {isa = PBXFileReference; lastKnownFileType = file.storyboard; name = Base; path = Base.lproj/Main.storyboard; sourceTree = "<group>"; };
		7D0190E72722B813008AB2F5 /* Assets.xcassets */ = {isa = PBXFileReference; lastKnownFileType = folder.assetcatalog; path = Assets.xcassets; sourceTree = "<group>"; };
		7D0190EA2722B813008AB2F5 /* Base */ = {isa = PBXFileReference; lastKnownFileType = file.storyboard; name = Base; path = Base.lproj/LaunchScreen.storyboard; sourceTree = "<group>"; };
		7D0190EC2722B813008AB2F5 /* Info.plist */ = {isa = PBXFileReference; lastKnownFileType = text.plist.xml; path = Info.plist; sourceTree = "<group>"; };
		7D0190FB2722BC60008AB2F5 /* GridViewCell.swift */ = {isa = PBXFileReference; fileEncoding = 4; lastKnownFileType = sourcecode.swift; path = GridViewCell.swift; sourceTree = "<group>"; };
		7D0190FC2722BC60008AB2F5 /* AssetGridViewController.swift */ = {isa = PBXFileReference; fileEncoding = 4; lastKnownFileType = sourcecode.swift; path = AssetGridViewController.swift; sourceTree = "<group>"; };
		7D0190FD2722BC60008AB2F5 /* AssetViewController.swift */ = {isa = PBXFileReference; fileEncoding = 4; lastKnownFileType = sourcecode.swift; path = AssetViewController.swift; sourceTree = "<group>"; };
		7D0190FE2722BC60008AB2F5 /* MainController.swift */ = {isa = PBXFileReference; fileEncoding = 4; lastKnownFileType = sourcecode.swift; path = MainController.swift; sourceTree = "<group>"; };
		7D8F9AFC272DA84500005D0F /* DBTools.swift */ = {isa = PBXFileReference; lastKnownFileType = sourcecode.swift; path = DBTools.swift; sourceTree = "<group>"; };
		7DD84641272E38E4003DBACF /* ToolsController.swift */ = {isa = PBXFileReference; lastKnownFileType = sourcecode.swift; path = ToolsController.swift; sourceTree = "<group>"; };
		7DD84643272E3AC3003DBACF /* LocationManagerController.swift */ = {isa = PBXFileReference; lastKnownFileType = sourcecode.swift; path = LocationManagerController.swift; sourceTree = "<group>"; };
		FE22DA5448B9B52D4A8BA9D6 /* Pods_PhotoBrowse.framework */ = {isa = PBXFileReference; explicitFileType = wrapper.framework; includeInIndex = 0; path = Pods_PhotoBrowse.framework; sourceTree = BUILT_PRODUCTS_DIR; };
/* End PBXFileReference section */

/* Begin PBXFrameworksBuildPhase section */
		7D0190D82722B80E008AB2F5 /* Frameworks */ = {
			isa = PBXFrameworksBuildPhase;
			buildActionMask = 2147483647;
			files = (
				67E0EF761B9F822199A44C39 /* Pods_PhotoBrowse.framework in Frameworks */,
			);
			runOnlyForDeploymentPostprocessing = 0;
		};
/* End PBXFrameworksBuildPhase section */

/* Begin PBXGroup section */
		240B7BEA5C16EA00252CCBE7 /* Frameworks */ = {
			isa = PBXGroup;
			children = (
				FE22DA5448B9B52D4A8BA9D6 /* Pods_PhotoBrowse.framework */,
			);
			name = Frameworks;
			sourceTree = "<group>";
		};
		7BFDB3EA2115111EA9D8338B /* Pods */ = {
			isa = PBXGroup;
			children = (
				3F87DD9D182A90A9B753D33B /* Pods-PhotoBrowse.debug.xcconfig */,
				1AAFC7F137FC7E293C158D25 /* Pods-PhotoBrowse.release.xcconfig */,
			);
			path = Pods;
			sourceTree = "<group>";
		};
		7D0190D22722B80E008AB2F5 = {
			isa = PBXGroup;
			children = (
				7D0190DD2722B80E008AB2F5 /* PhotoBrowse */,
				7D0190DC2722B80E008AB2F5 /* Products */,
				7BFDB3EA2115111EA9D8338B /* Pods */,
				240B7BEA5C16EA00252CCBE7 /* Frameworks */,
			);
			sourceTree = "<group>";
		};
		7D0190DC2722B80E008AB2F5 /* Products */ = {
			isa = PBXGroup;
			children = (
				7D0190DB2722B80E008AB2F5 /* PhotoBrowse.app */,
			);
			name = Products;
			sourceTree = "<group>";
		};
		7D0190DD2722B80E008AB2F5 /* PhotoBrowse */ = {
			isa = PBXGroup;
			children = (
				7DD84640272E38CB003DBACF /* Tools */,
				7D0190F22722BA2D008AB2F5 /* Main */,
				7D0190DE2722B80F008AB2F5 /* AppDelegate.swift */,
				7D0190E02722B80F008AB2F5 /* SceneDelegate.swift */,
				7D0190E22722B80F008AB2F5 /* ViewController.swift */,
				7D0190E42722B80F008AB2F5 /* Main.storyboard */,
				7D0190E72722B813008AB2F5 /* Assets.xcassets */,
				7D0190E92722B813008AB2F5 /* LaunchScreen.storyboard */,
				7D0190EC2722B813008AB2F5 /* Info.plist */,
			);
			path = PhotoBrowse;
			sourceTree = "<group>";
		};
		7D0190F22722BA2D008AB2F5 /* Main */ = {
			isa = PBXGroup;
			children = (
				7D0190FC2722BC60008AB2F5 /* AssetGridViewController.swift */,
				7D0190FD2722BC60008AB2F5 /* AssetViewController.swift */,
				7D0190FB2722BC60008AB2F5 /* GridViewCell.swift */,
				7D0190FE2722BC60008AB2F5 /* MainController.swift */,
				7D8F9AFC272DA84500005D0F /* DBTools.swift */,
			);
			path = Main;
			sourceTree = "<group>";
		};
		7DD84640272E38CB003DBACF /* Tools */ = {
			isa = PBXGroup;
			children = (
				7DD84641272E38E4003DBACF /* ToolsController.swift */,
				7DD84643272E3AC3003DBACF /* LocationManagerController.swift */,
			);
			path = Tools;
			sourceTree = "<group>";
		};
/* End PBXGroup section */

/* Begin PBXNativeTarget section */
		7D0190DA2722B80E008AB2F5 /* PhotoBrowse */ = {
			isa = PBXNativeTarget;
			buildConfigurationList = 7D0190EF2722B813008AB2F5 /* Build configuration list for PBXNativeTarget "PhotoBrowse" */;
			buildPhases = (
				AEA11F314CB1C4D21CF7FAD8 /* [CP] Check Pods Manifest.lock */,
				7D0190D72722B80E008AB2F5 /* Sources */,
				7D0190D82722B80E008AB2F5 /* Frameworks */,
				7D0190D92722B80E008AB2F5 /* Resources */,
				F02DD48E0820B862121986C3 /* [CP] Embed Pods Frameworks */,
			);
			buildRules = (
			);
			dependencies = (
			);
			name = PhotoBrowse;
			productName = PhotoBrowse;
			productReference = 7D0190DB2722B80E008AB2F5 /* PhotoBrowse.app */;
			productType = "com.apple.product-type.application";
		};
/* End PBXNativeTarget section */

/* Begin PBXProject section */
		7D0190D32722B80E008AB2F5 /* Project object */ = {
			isa = PBXProject;
			attributes = {
				BuildIndependentTargetsInParallel = 1;
				LastSwiftUpdateCheck = 1300;
				LastUpgradeCheck = 1300;
				TargetAttributes = {
					7D0190DA2722B80E008AB2F5 = {
						CreatedOnToolsVersion = 13.0;
					};
				};
			};
			buildConfigurationList = 7D0190D62722B80E008AB2F5 /* Build configuration list for PBXProject "PhotoBrowse" */;
			compatibilityVersion = "Xcode 13.0";
			developmentRegion = en;
			hasScannedForEncodings = 0;
			knownRegions = (
				en,
				Base,
			);
			mainGroup = 7D0190D22722B80E008AB2F5;
			productRefGroup = 7D0190DC2722B80E008AB2F5 /* Products */;
			projectDirPath = "";
			projectRoot = "";
			targets = (
				7D0190DA2722B80E008AB2F5 /* PhotoBrowse */,
			);
		};
/* End PBXProject section */

/* Begin PBXResourcesBuildPhase section */
		7D0190D92722B80E008AB2F5 /* Resources */ = {
			isa = PBXResourcesBuildPhase;
			buildActionMask = 2147483647;
			files = (
				7D0190EB2722B813008AB2F5 /* LaunchScreen.storyboard in Resources */,
				7D0190E82722B813008AB2F5 /* Assets.xcassets in Resources */,
				7D0190E62722B80F008AB2F5 /* Main.storyboard in Resources */,
			);
			runOnlyForDeploymentPostprocessing = 0;
		};
/* End PBXResourcesBuildPhase section */

/* Begin PBXShellScriptBuildPhase section */
		AEA11F314CB1C4D21CF7FAD8 /* [CP] Check Pods Manifest.lock */ = {
			isa = PBXShellScriptBuildPhase;
			buildActionMask = 2147483647;
			files = (
			);
			inputFileListPaths = (
			);
			inputPaths = (
				"${PODS_PODFILE_DIR_PATH}/Podfile.lock",
				"${PODS_ROOT}/Manifest.lock",
			);
			name = "[CP] Check Pods Manifest.lock";
			outputFileListPaths = (
			);
			outputPaths = (
				"$(DERIVED_FILE_DIR)/Pods-PhotoBrowse-checkManifestLockResult.txt",
			);
			runOnlyForDeploymentPostprocessing = 0;
			shellPath = /bin/sh;
			shellScript = "diff \"${PODS_PODFILE_DIR_PATH}/Podfile.lock\" \"${PODS_ROOT}/Manifest.lock\" > /dev/null\nif [ $? != 0 ] ; then\n    # print error to STDERR\n    echo \"error: The sandbox is not in sync with the Podfile.lock. Run 'pod install' or update your CocoaPods installation.\" >&2\n    exit 1\nfi\n# This output is used by Xcode 'outputs' to avoid re-running this script phase.\necho \"SUCCESS\" > \"${SCRIPT_OUTPUT_FILE_0}\"\n";
			showEnvVarsInLog = 0;
		};
		F02DD48E0820B862121986C3 /* [CP] Embed Pods Frameworks */ = {
			isa = PBXShellScriptBuildPhase;
			buildActionMask = 2147483647;
			files = (
			);
			inputFileListPaths = (
				"${PODS_ROOT}/Target Support Files/Pods-PhotoBrowse/Pods-PhotoBrowse-frameworks-${CONFIGURATION}-input-files.xcfilelist",
			);
			name = "[CP] Embed Pods Frameworks";
			outputFileListPaths = (
				"${PODS_ROOT}/Target Support Files/Pods-PhotoBrowse/Pods-PhotoBrowse-frameworks-${CONFIGURATION}-output-files.xcfilelist",
			);
			runOnlyForDeploymentPostprocessing = 0;
			shellPath = /bin/sh;
			shellScript = "\"${PODS_ROOT}/Target Support Files/Pods-PhotoBrowse/Pods-PhotoBrowse-frameworks.sh\"\n";
			showEnvVarsInLog = 0;
		};
/* End PBXShellScriptBuildPhase section */

/* Begin PBXSourcesBuildPhase section */
		7D0190D72722B80E008AB2F5 /* Sources */ = {
			isa = PBXSourcesBuildPhase;
			buildActionMask = 2147483647;
			files = (
				7D0190E32722B80F008AB2F5 /* ViewController.swift in Sources */,
				7D0191022722BC61008AB2F5 /* MainController.swift in Sources */,
				7D0191012722BC61008AB2F5 /* AssetViewController.swift in Sources */,
				7D0190DF2722B80F008AB2F5 /* AppDelegate.swift in Sources */,
				7D0190FF2722BC61008AB2F5 /* GridViewCell.swift in Sources */,
				7DD84642272E38E4003DBACF /* ToolsController.swift in Sources */,
				7D0190E12722B80F008AB2F5 /* SceneDelegate.swift in Sources */,
				7D0191002722BC61008AB2F5 /* AssetGridViewController.swift in Sources */,
				7DD84644272E3AC3003DBACF /* LocationManagerController.swift in Sources */,
				7D8F9AFD272DA84500005D0F /* DBTools.swift in Sources */,
			);
			runOnlyForDeploymentPostprocessing = 0;
		};
/* End PBXSourcesBuildPhase section */

/* Begin PBXVariantGroup section */
		7D0190E42722B80F008AB2F5 /* Main.storyboard */ = {
			isa = PBXVariantGroup;
			children = (
				7D0190E52722B80F008AB2F5 /* Base */,
			);
			name = Main.storyboard;
			sourceTree = "<group>";
		};
		7D0190E92722B813008AB2F5 /* LaunchScreen.storyboard */ = {
			isa = PBXVariantGroup;
			children = (
				7D0190EA2722B813008AB2F5 /* Base */,
			);
			name = LaunchScreen.storyboard;
			sourceTree = "<group>";
		};
/* End PBXVariantGroup section */

/* Begin XCBuildConfiguration section */
		7D0190ED2722B813008AB2F5 /* Debug */ = {
			isa = XCBuildConfiguration;
			buildSettings = {
				ALWAYS_SEARCH_USER_PATHS = NO;
				CLANG_ANALYZER_NONNULL = YES;
				CLANG_ANALYZER_NUMBER_OBJECT_CONVERSION = YES_AGGRESSIVE;
				CLANG_CXX_LANGUAGE_STANDARD = "gnu++17";
				CLANG_CXX_LIBRARY = "libc++";
				CLANG_ENABLE_MODULES = YES;
				CLANG_ENABLE_OBJC_ARC = YES;
				CLANG_ENABLE_OBJC_WEAK = YES;
				CLANG_WARN_BLOCK_CAPTURE_AUTORELEASING = YES;
				CLANG_WARN_BOOL_CONVERSION = YES;
				CLANG_WARN_COMMA = YES;
				CLANG_WARN_CONSTANT_CONVERSION = YES;
				CLANG_WARN_DEPRECATED_OBJC_IMPLEMENTATIONS = YES;
				CLANG_WARN_DIRECT_OBJC_ISA_USAGE = YES_ERROR;
				CLANG_WARN_DOCUMENTATION_COMMENTS = YES;
				CLANG_WARN_EMPTY_BODY = YES;
				CLANG_WARN_ENUM_CONVERSION = YES;
				CLANG_WARN_INFINITE_RECURSION = YES;
				CLANG_WARN_INT_CONVERSION = YES;
				CLANG_WARN_NON_LITERAL_NULL_CONVERSION = YES;
				CLANG_WARN_OBJC_IMPLICIT_RETAIN_SELF = YES;
				CLANG_WARN_OBJC_LITERAL_CONVERSION = YES;
				CLANG_WARN_OBJC_ROOT_CLASS = YES_ERROR;
				CLANG_WARN_QUOTED_INCLUDE_IN_FRAMEWORK_HEADER = YES;
				CLANG_WARN_RANGE_LOOP_ANALYSIS = YES;
				CLANG_WARN_STRICT_PROTOTYPES = YES;
				CLANG_WARN_SUSPICIOUS_MOVE = YES;
				CLANG_WARN_UNGUARDED_AVAILABILITY = YES_AGGRESSIVE;
				CLANG_WARN_UNREACHABLE_CODE = YES;
				CLANG_WARN__DUPLICATE_METHOD_MATCH = YES;
				COPY_PHASE_STRIP = NO;
				DEBUG_INFORMATION_FORMAT = dwarf;
				ENABLE_STRICT_OBJC_MSGSEND = YES;
				ENABLE_TESTABILITY = YES;
				GCC_C_LANGUAGE_STANDARD = gnu11;
				GCC_DYNAMIC_NO_PIC = NO;
				GCC_NO_COMMON_BLOCKS = YES;
				GCC_OPTIMIZATION_LEVEL = 0;
				GCC_PREPROCESSOR_DEFINITIONS = (
					"DEBUG=1",
					"$(inherited)",
				);
				GCC_WARN_64_TO_32_BIT_CONVERSION = YES;
				GCC_WARN_ABOUT_RETURN_TYPE = YES_ERROR;
				GCC_WARN_UNDECLARED_SELECTOR = YES;
				GCC_WARN_UNINITIALIZED_AUTOS = YES_AGGRESSIVE;
				GCC_WARN_UNUSED_FUNCTION = YES;
				GCC_WARN_UNUSED_VARIABLE = YES;
				IPHONEOS_DEPLOYMENT_TARGET = 15.0;
				MTL_ENABLE_DEBUG_INFO = INCLUDE_SOURCE;
				MTL_FAST_MATH = YES;
				ONLY_ACTIVE_ARCH = YES;
				SDKROOT = iphoneos;
				SWIFT_ACTIVE_COMPILATION_CONDITIONS = DEBUG;
				SWIFT_OPTIMIZATION_LEVEL = "-Onone";
			};
			name = Debug;
		};
		7D0190EE2722B813008AB2F5 /* Release */ = {
			isa = XCBuildConfiguration;
			buildSettings = {
				ALWAYS_SEARCH_USER_PATHS = NO;
				CLANG_ANALYZER_NONNULL = YES;
				CLANG_ANALYZER_NUMBER_OBJECT_CONVERSION = YES_AGGRESSIVE;
				CLANG_CXX_LANGUAGE_STANDARD = "gnu++17";
				CLANG_CXX_LIBRARY = "libc++";
				CLANG_ENABLE_MODULES = YES;
				CLANG_ENABLE_OBJC_ARC = YES;
				CLANG_ENABLE_OBJC_WEAK = YES;
				CLANG_WARN_BLOCK_CAPTURE_AUTORELEASING = YES;
				CLANG_WARN_BOOL_CONVERSION = YES;
				CLANG_WARN_COMMA = YES;
				CLANG_WARN_CONSTANT_CONVERSION = YES;
				CLANG_WARN_DEPRECATED_OBJC_IMPLEMENTATIONS = YES;
				CLANG_WARN_DIRECT_OBJC_ISA_USAGE = YES_ERROR;
				CLANG_WARN_DOCUMENTATION_COMMENTS = YES;
				CLANG_WARN_EMPTY_BODY = YES;
				CLANG_WARN_ENUM_CONVERSION = YES;
				CLANG_WARN_INFINITE_RECURSION = YES;
				CLANG_WARN_INT_CONVERSION = YES;
				CLANG_WARN_NON_LITERAL_NULL_CONVERSION = YES;
				CLANG_WARN_OBJC_IMPLICIT_RETAIN_SELF = YES;
				CLANG_WARN_OBJC_LITERAL_CONVERSION = YES;
				CLANG_WARN_OBJC_ROOT_CLASS = YES_ERROR;
				CLANG_WARN_QUOTED_INCLUDE_IN_FRAMEWORK_HEADER = YES;
				CLANG_WARN_RANGE_LOOP_ANALYSIS = YES;
				CLANG_WARN_STRICT_PROTOTYPES = YES;
				CLANG_WARN_SUSPICIOUS_MOVE = YES;
				CLANG_WARN_UNGUARDED_AVAILABILITY = YES_AGGRESSIVE;
				CLANG_WARN_UNREACHABLE_CODE = YES;
				CLANG_WARN__DUPLICATE_METHOD_MATCH = YES;
				COPY_PHASE_STRIP = NO;
				DEBUG_INFORMATION_FORMAT = "dwarf-with-dsym";
				ENABLE_NS_ASSERTIONS = NO;
				ENABLE_STRICT_OBJC_MSGSEND = YES;
				GCC_C_LANGUAGE_STANDARD = gnu11;
				GCC_NO_COMMON_BLOCKS = YES;
				GCC_WARN_64_TO_32_BIT_CONVERSION = YES;
				GCC_WARN_ABOUT_RETURN_TYPE = YES_ERROR;
				GCC_WARN_UNDECLARED_SELECTOR = YES;
				GCC_WARN_UNINITIALIZED_AUTOS = YES_AGGRESSIVE;
				GCC_WARN_UNUSED_FUNCTION = YES;
				GCC_WARN_UNUSED_VARIABLE = YES;
				IPHONEOS_DEPLOYMENT_TARGET = 15.0;
				MTL_ENABLE_DEBUG_INFO = NO;
				MTL_FAST_MATH = YES;
				SDKROOT = iphoneos;
				SWIFT_COMPILATION_MODE = wholemodule;
				SWIFT_OPTIMIZATION_LEVEL = "-O";
				VALIDATE_PRODUCT = YES;
			};
			name = Release;
		};
		7D0190F02722B813008AB2F5 /* Debug */ = {
			isa = XCBuildConfiguration;
			baseConfigurationReference = 3F87DD9D182A90A9B753D33B /* Pods-PhotoBrowse.debug.xcconfig */;
			buildSettings = {
				ASSETCATALOG_COMPILER_APPICON_NAME = AppIcon;
				ASSETCATALOG_COMPILER_GLOBAL_ACCENT_COLOR_NAME = AccentColor;
				CODE_SIGN_STYLE = Automatic;
				CURRENT_PROJECT_VERSION = 1;
				DEVELOPMENT_TEAM = 9DKGDPPUHD;
				GENERATE_INFOPLIST_FILE = YES;
				INFOPLIST_FILE = PhotoBrowse/Info.plist;
				INFOPLIST_KEY_UIApplicationSupportsIndirectInputEvents = YES;
				INFOPLIST_KEY_UILaunchStoryboardName = LaunchScreen;
				INFOPLIST_KEY_UIMainStoryboardFile = Main;
				INFOPLIST_KEY_UISupportedInterfaceOrientations_iPad = "UIInterfaceOrientationPortrait UIInterfaceOrientationPortraitUpsideDown UIInterfaceOrientationLandscapeLeft UIInterfaceOrientationLandscapeRight";
				INFOPLIST_KEY_UISupportedInterfaceOrientations_iPhone = "UIInterfaceOrientationPortrait UIInterfaceOrientationLandscapeLeft UIInterfaceOrientationLandscapeRight";
				IPHONEOS_DEPLOYMENT_TARGET = 13.0;
				LD_RUNPATH_SEARCH_PATHS = (
					"$(inherited)",
					"@executable_path/Frameworks",
				);
				MARKETING_VERSION = 1.0;
				PRODUCT_BUNDLE_IDENTIFIER = com.HR.PhotoBrowse;
				PRODUCT_NAME = "$(TARGET_NAME)";
				SWIFT_EMIT_LOC_STRINGS = YES;
				SWIFT_VERSION = 5.0;
				TARGETED_DEVICE_FAMILY = "1,2";
			};
			name = Debug;
		};
		7D0190F12722B813008AB2F5 /* Release */ = {
			isa = XCBuildConfiguration;
			baseConfigurationReference = 1AAFC7F137FC7E293C158D25 /* Pods-PhotoBrowse.release.xcconfig */;
			buildSettings = {
				ASSETCATALOG_COMPILER_APPICON_NAME = AppIcon;
				ASSETCATALOG_COMPILER_GLOBAL_ACCENT_COLOR_NAME = AccentColor;
				CODE_SIGN_STYLE = Automatic;
				CURRENT_PROJECT_VERSION = 1;
				DEVELOPMENT_TEAM = 9DKGDPPUHD;
				GENERATE_INFOPLIST_FILE = YES;
				INFOPLIST_FILE = PhotoBrowse/Info.plist;
				INFOPLIST_KEY_UIApplicationSupportsIndirectInputEvents = YES;
				INFOPLIST_KEY_UILaunchStoryboardName = LaunchScreen;
				INFOPLIST_KEY_UIMainStoryboardFile = Main;
				INFOPLIST_KEY_UISupportedInterfaceOrientations_iPad = "UIInterfaceOrientationPortrait UIInterfaceOrientationPortraitUpsideDown UIInterfaceOrientationLandscapeLeft UIInterfaceOrientationLandscapeRight";
				INFOPLIST_KEY_UISupportedInterfaceOrientations_iPhone = "UIInterfaceOrientationPortrait UIInterfaceOrientationLandscapeLeft UIInterfaceOrientationLandscapeRight";
				IPHONEOS_DEPLOYMENT_TARGET = 13.0;
				LD_RUNPATH_SEARCH_PATHS = (
					"$(inherited)",
					"@executable_path/Frameworks",
				);
				MARKETING_VERSION = 1.0;
				PRODUCT_BUNDLE_IDENTIFIER = com.HR.PhotoBrowse;
				PRODUCT_NAME = "$(TARGET_NAME)";
				SWIFT_EMIT_LOC_STRINGS = YES;
				SWIFT_VERSION = 5.0;
				TARGETED_DEVICE_FAMILY = "1,2";
			};
			name = Release;
		};
/* End XCBuildConfiguration section */

/* Begin XCConfigurationList section */
		7D0190D62722B80E008AB2F5 /* Build configuration list for PBXProject "PhotoBrowse" */ = {
			isa = XCConfigurationList;
			buildConfigurations = (
				7D0190ED2722B813008AB2F5 /* Debug */,
				7D0190EE2722B813008AB2F5 /* Release */,
			);
			defaultConfigurationIsVisible = 0;
			defaultConfigurationName = Release;
		};
		7D0190EF2722B813008AB2F5 /* Build configuration list for PBXNativeTarget "PhotoBrowse" */ = {
			isa = XCConfigurationList;
			buildConfigurations = (
				7D0190F02722B813008AB2F5 /* Debug */,
				7D0190F12722B813008AB2F5 /* Release */,
			);
			defaultConfigurationIsVisible = 0;
			defaultConfigurationName = Release;
		};
/* End XCConfigurationList section */
	};
	rootObject = 7D0190D32722B80E008AB2F5 /* Project object */;
}
