// !$*UTF8*$!
{
	archiveVersion = 1;
	classes = {
	};
	objectVersion = 51;
	objects = {

/* Begin PBXBuildFile section */
		38D27FE27892652DF501CC4F /* Pods_TimeManager_Widget.framework in Frameworks */ = {isa = PBXBuildFile; fileRef = 262C8E540A00FE0D2FDAF292 /* Pods_TimeManager_Widget.framework */; };
		3C3E732D9C0D962B53CE95CD /* Pods_TimeManager.framework in Frameworks */ = {isa = PBXBuildFile; fileRef = 4D5F13B987B4F8515F0AC5F4 /* Pods_TimeManager.framework */; };
		7D687F9A2239169600D780E9 /* TimeSummaryController.swift in Sources */ = {isa = PBXBuildFile; fileRef = 7D687F992239169500D780E9 /* TimeSummaryController.swift */; };
		7D999D42225B39B1006B49B7 /* GPXTileServer.swift in Sources */ = {isa = PBXBuildFile; fileRef = 7D999D20225B39B0006B49B7 /* GPXTileServer.swift */; };
		7D999D43225B39B1006B49B7 /* Images.xcassets in Resources */ = {isa = PBXBuildFile; fileRef = 7D999D21225B39B0006B49B7 /* Images.xcassets */; };
		7D999D44225B39B1006B49B7 /* iOSVersion.swift in Sources */ = {isa = PBXBuildFile; fileRef = 7D999D22225B39B0006B49B7 /* iOSVersion.swift */; };
		7D999D45225B39B1006B49B7 /* OpenGpxTracker.xcdatamodeld in Sources */ = {isa = PBXBuildFile; fileRef = 7D999D23225B39B0006B49B7 /* OpenGpxTracker.xcdatamodeld */; };
		7D999D47225B39B1006B49B7 /* GPXWaypoint+MKAnnotation.swift in Sources */ = {isa = PBXBuildFile; fileRef = 7D999D27225B39B0006B49B7 /* GPXWaypoint+MKAnnotation.swift */; };
		7D999D48225B39B1006B49B7 /* GPXRoot+length.swift in Sources */ = {isa = PBXBuildFile; fileRef = 7D999D28225B39B0006B49B7 /* GPXRoot+length.swift */; };
		7D999D49225B39B1006B49B7 /* GPXExtentCoordinates.swift in Sources */ = {isa = PBXBuildFile; fileRef = 7D999D29225B39B0006B49B7 /* GPXExtentCoordinates.swift */; };
		7D999D4B225B39B1006B49B7 /* CachedTileOverlay.swift in Sources */ = {isa = PBXBuildFile; fileRef = 7D999D2B225B39B0006B49B7 /* CachedTileOverlay.swift */; };
		7D999D4C225B39B1006B49B7 /* GPXTrackSegment+MapKit.swift in Sources */ = {isa = PBXBuildFile; fileRef = 7D999D2C225B39B0006B49B7 /* GPXTrackSegment+MapKit.swift */; };
		7D999D4D225B39B1006B49B7 /* StopWatchDelegate.swift in Sources */ = {isa = PBXBuildFile; fileRef = 7D999D2D225B39B0006B49B7 /* StopWatchDelegate.swift */; };
		7D999D4E225B39B1006B49B7 /* GPXTrack+length.swift in Sources */ = {isa = PBXBuildFile; fileRef = 7D999D2E225B39B0006B49B7 /* GPXTrack+length.swift */; };
		7D999D4F225B39B1006B49B7 /* GPXTrackPoint+MapKit.swift in Sources */ = {isa = PBXBuildFile; fileRef = 7D999D2F225B39B0006B49B7 /* GPXTrackPoint+MapKit.swift */; };
		7D999D50225B39B1006B49B7 /* StopWatch.swift in Sources */ = {isa = PBXBuildFile; fileRef = 7D999D30225B39B0006B49B7 /* StopWatch.swift */; };
		7D999D51225B39B1006B49B7 /* Date+timeAgo.swift in Sources */ = {isa = PBXBuildFile; fileRef = 7D999D31225B39B0006B49B7 /* Date+timeAgo.swift */; };
		7D999D52225B39B1006B49B7 /* Int+asFilesize.swift in Sources */ = {isa = PBXBuildFile; fileRef = 7D999D32225B39B0006B49B7 /* Int+asFilesize.swift */; };
		7D999D53225B39B1006B49B7 /* TrackRecorder.swift in Sources */ = {isa = PBXBuildFile; fileRef = 7D999D34225B39B0006B49B7 /* TrackRecorder.swift */; };
		7D999D54225B39B1006B49B7 /* OpenGpxTrackerController.swift in Sources */ = {isa = PBXBuildFile; fileRef = 7D999D35225B39B0006B49B7 /* OpenGpxTrackerController.swift */; };
		7D999D55225B39B1006B49B7 /* GPXFilesTableViewController.swift in Sources */ = {isa = PBXBuildFile; fileRef = 7D999D36225B39B0006B49B7 /* GPXFilesTableViewController.swift */; };
		7D999D56225B39B1006B49B7 /* PreferencesTableViewController.swift in Sources */ = {isa = PBXBuildFile; fileRef = 7D999D37225B39B0006B49B7 /* PreferencesTableViewController.swift */; };
		7D999D57225B39B1006B49B7 /* MailerManager.swift in Sources */ = {isa = PBXBuildFile; fileRef = 7D999D38225B39B0006B49B7 /* MailerManager.swift */; };
		7D999D58225B39B1006B49B7 /* PreferencesTableViewControllerDelegate.swift in Sources */ = {isa = PBXBuildFile; fileRef = 7D999D39225B39B0006B49B7 /* PreferencesTableViewControllerDelegate.swift */; };
		7D999D59225B39B1006B49B7 /* GPXFilesTableViewControlllerDelegate.swift in Sources */ = {isa = PBXBuildFile; fileRef = 7D999D3A225B39B0006B49B7 /* GPXFilesTableViewControlllerDelegate.swift */; };
		7D999D5A225B39B1006B49B7 /* AboutViewController.swift in Sources */ = {isa = PBXBuildFile; fileRef = 7D999D3B225B39B0006B49B7 /* AboutViewController.swift */; };
		7D999D5B225B39B1006B49B7 /* MapViewDelegate.swift in Sources */ = {isa = PBXBuildFile; fileRef = 7D999D3C225B39B0006B49B7 /* MapViewDelegate.swift */; };
		7D999D5C225B39B1006B49B7 /* UIDistanceLabel.swift in Sources */ = {isa = PBXBuildFile; fileRef = 7D999D3E225B39B0006B49B7 /* UIDistanceLabel.swift */; };
		7D999D5D225B39B1006B49B7 /* TrackerButton.swift in Sources */ = {isa = PBXBuildFile; fileRef = 7D999D3F225B39B0006B49B7 /* TrackerButton.swift */; };
		7D999D5E225B39B1006B49B7 /* GPXMapView.swift in Sources */ = {isa = PBXBuildFile; fileRef = 7D999D40225B39B0006B49B7 /* GPXMapView.swift */; };
		7D9A41ED225C820F00355C8D /* Localizable.strings in Resources */ = {isa = PBXBuildFile; fileRef = 7D9A41A2225C820D00355C8D /* Localizable.strings */; };
		7D9A41EE225C820F00355C8D /* Localizable.strings(cn).xcconfig in Resources */ = {isa = PBXBuildFile; fileRef = 7D9A41A3225C820D00355C8D /* Localizable.strings(cn).xcconfig */; };
		7D9A41EF225C820F00355C8D /* Assets.xcassets in Resources */ = {isa = PBXBuildFile; fileRef = 7D9A41A4225C820D00355C8D /* Assets.xcassets */; };
		7D9A41F0225C820F00355C8D /* GoogleService-Info.plist in Resources */ = {isa = PBXBuildFile; fileRef = 7D9A41A5225C820D00355C8D /* GoogleService-Info.plist */; };
		7D9A41F1225C820F00355C8D /* LaunchScreen.storyboard in Resources */ = {isa = PBXBuildFile; fileRef = 7D9A41A6225C820D00355C8D /* LaunchScreen.storyboard */; };
		7D9A41F2225C820F00355C8D /* AppDelegate.swift in Sources */ = {isa = PBXBuildFile; fileRef = 7D9A41A8225C820D00355C8D /* AppDelegate.swift */; };
		7D9A41F8225C820F00355C8D /* FilesManger.swift in Sources */ = {isa = PBXBuildFile; fileRef = 7D9A41B1225C820E00355C8D /* FilesManger.swift */; };
		7D9A4216225C820F00355C8D /* HRMapView.swift in Sources */ = {isa = PBXBuildFile; fileRef = 7D9A41D9225C820F00355C8D /* HRMapView.swift */; };
		7D9A4217225C820F00355C8D /* CalendarModel.swift in Sources */ = {isa = PBXBuildFile; fileRef = 7D9A41DB225C820F00355C8D /* CalendarModel.swift */; };
		7D9A4218225C820F00355C8D /* CalendarManager.swift in Sources */ = {isa = PBXBuildFile; fileRef = 7D9A41DC225C820F00355C8D /* CalendarManager.swift */; };
		7D9A4219225C820F00355C8D /* AuthController.swift in Sources */ = {isa = PBXBuildFile; fileRef = 7D9A41DE225C820F00355C8D /* AuthController.swift */; };
		7D9A421A225C820F00355C8D /* LocationDataManager.swift in Sources */ = {isa = PBXBuildFile; fileRef = 7D9A41E0225C820F00355C8D /* LocationDataManager.swift */; };
		7D9A421B225C820F00355C8D /* LocationManager.swift in Sources */ = {isa = PBXBuildFile; fileRef = 7D9A41E1225C820F00355C8D /* LocationManager.swift */; };
		7D9A421C225C820F00355C8D /* LocationModel.swift in Sources */ = {isa = PBXBuildFile; fileRef = 7D9A41E2225C820F00355C8D /* LocationModel.swift */; };
		7D9A421D225C820F00355C8D /* HealthSleepDataManager.swift in Sources */ = {isa = PBXBuildFile; fileRef = 7D9A41E4225C820F00355C8D /* HealthSleepDataManager.swift */; };
		7D9A421E225C820F00355C8D /* HealthDataManager.swift in Sources */ = {isa = PBXBuildFile; fileRef = 7D9A41E5225C820F00355C8D /* HealthDataManager.swift */; };
		7D9A421F225C820F00355C8D /* TimeSummaryManager.swift in Sources */ = {isa = PBXBuildFile; fileRef = 7D9A41E7225C820F00355C8D /* TimeSummaryManager.swift */; };
		7D9A4220225C820F00355C8D /* TimeSummaryDataBase.swift in Sources */ = {isa = PBXBuildFile; fileRef = 7D9A41E8225C820F00355C8D /* TimeSummaryDataBase.swift */; };
		7D9A4221225C820F00355C8D /* ServiceManager.swift in Sources */ = {isa = PBXBuildFile; fileRef = 7D9A41EA225C820F00355C8D /* ServiceManager.swift */; };
		7D9A4222225C820F00355C8D /* DatabaseMamager.swift in Sources */ = {isa = PBXBuildFile; fileRef = 7D9A41EC225C820F00355C8D /* DatabaseMamager.swift */; };
		7D9A4225225C855200355C8D /* HRViewController.swift in Sources */ = {isa = PBXBuildFile; fileRef = 7D9A4224225C855200355C8D /* HRViewController.swift */; };
		7D9A4228225C892700355C8D /* FileDetailInfo.swift in Sources */ = {isa = PBXBuildFile; fileRef = 7D9A4227225C892700355C8D /* FileDetailInfo.swift */; };
		7D9A422A225C894B00355C8D /* GPXFileManager.swift in Sources */ = {isa = PBXBuildFile; fileRef = 7D9A4229225C894B00355C8D /* GPXFileManager.swift */; };
		7D9A422C225C8CBD00355C8D /* GPXDataManager.swift in Sources */ = {isa = PBXBuildFile; fileRef = 7D9A422B225C8CBD00355C8D /* GPXDataManager.swift */; };
		7D9A4240225CB4BF00355C8D /* BPRegion.m in Sources */ = {isa = PBXBuildFile; fileRef = 7D9A423A225CB4BF00355C8D /* BPRegion.m */; };
		7D9A4241225CB4BF00355C8D /* CLLocation+ChinaMapDeviation.m in Sources */ = {isa = PBXBuildFile; fileRef = 7D9A423C225CB4BF00355C8D /* CLLocation+ChinaMapDeviation.m */; };
		7D9A4242225CB4BF00355C8D /* BPPolygon.m in Sources */ = {isa = PBXBuildFile; fileRef = 7D9A423D225CB4BF00355C8D /* BPPolygon.m */; };
		7D9A424B225CB83300355C8D /* china.kml in Resources */ = {isa = PBXBuildFile; fileRef = 7D9A424A225CB83300355C8D /* china.kml */; };
		7DE9A259223248230039357D /* AuthViewController.swift in Sources */ = {isa = PBXBuildFile; fileRef = 7DE9A258223248230039357D /* AuthViewController.swift */; };
		7DE9A25E22324F030039357D /* LocationController.swift in Sources */ = {isa = PBXBuildFile; fileRef = 7DE9A25D22324F030039357D /* LocationController.swift */; };
		7DFF513F22264B7100D98613 /* HealthKit.framework in Frameworks */ = {isa = PBXBuildFile; fileRef = 7DFF513E22264B7000D98613 /* HealthKit.framework */; };
		7DFF51522226677000D98613 /* CloudKit.framework in Frameworks */ = {isa = PBXBuildFile; fileRef = 7DFF51512226677000D98613 /* CloudKit.framework */; };
		7DFF515E22269E3100D98613 /* NotificationCenter.framework in Frameworks */ = {isa = PBXBuildFile; fileRef = 7DFF515D22269E3100D98613 /* NotificationCenter.framework */; };
		7DFF516122269E3100D98613 /* TodayViewController.swift in Sources */ = {isa = PBXBuildFile; fileRef = 7DFF516022269E3100D98613 /* TodayViewController.swift */; };
		7DFF516422269E3100D98613 /* MainInterface.storyboard in Resources */ = {isa = PBXBuildFile; fileRef = 7DFF516222269E3100D98613 /* MainInterface.storyboard */; };
		7DFF516822269E3100D98613 /* TimeManager_Widget.appex in Embed App Extensions */ = {isa = PBXBuildFile; fileRef = 7DFF515C22269E3100D98613 /* TimeManager_Widget.appex */; settings = {ATTRIBUTES = (RemoveHeadersOnCopy, ); }; };
/* End PBXBuildFile section */

/* Begin PBXContainerItemProxy section */
		7DFF516622269E3100D98613 /* PBXContainerItemProxy */ = {
			isa = PBXContainerItemProxy;
			containerPortal = 7DFF512022262ED000D98613 /* Project object */;
			proxyType = 1;
			remoteGlobalIDString = 7DFF515B22269E3100D98613;
			remoteInfo = TimeManager_Widget;
		};
/* End PBXContainerItemProxy section */

/* Begin PBXCopyFilesBuildPhase section */
		7DFF516C22269E3100D98613 /* Embed App Extensions */ = {
			isa = PBXCopyFilesBuildPhase;
			buildActionMask = 2147483647;
			dstPath = "";
			dstSubfolderSpec = 13;
			files = (
				7DFF516822269E3100D98613 /* TimeManager_Widget.appex in Embed App Extensions */,
			);
			name = "Embed App Extensions";
			runOnlyForDeploymentPostprocessing = 0;
		};
/* End PBXCopyFilesBuildPhase section */

/* Begin PBXFileReference section */
		262C8E540A00FE0D2FDAF292 /* Pods_TimeManager_Widget.framework */ = {isa = PBXFileReference; explicitFileType = wrapper.framework; includeInIndex = 0; path = Pods_TimeManager_Widget.framework; sourceTree = BUILT_PRODUCTS_DIR; };
		2F6D0982D83AE56D3F96DB23 /* Pods-TimeManager.debug.xcconfig */ = {isa = PBXFileReference; includeInIndex = 1; lastKnownFileType = text.xcconfig; name = "Pods-TimeManager.debug.xcconfig"; path = "Pods/Target Support Files/Pods-TimeManager/Pods-TimeManager.debug.xcconfig"; sourceTree = "<group>"; };
		4D5F13B987B4F8515F0AC5F4 /* Pods_TimeManager.framework */ = {isa = PBXFileReference; explicitFileType = wrapper.framework; includeInIndex = 0; path = Pods_TimeManager.framework; sourceTree = BUILT_PRODUCTS_DIR; };
		7D687F992239169500D780E9 /* TimeSummaryController.swift */ = {isa = PBXFileReference; lastKnownFileType = sourcecode.swift; path = TimeSummaryController.swift; sourceTree = "<group>"; };
		7D999D20225B39B0006B49B7 /* GPXTileServer.swift */ = {isa = PBXFileReference; fileEncoding = 4; lastKnownFileType = sourcecode.swift; path = GPXTileServer.swift; sourceTree = "<group>"; };
		7D999D21225B39B0006B49B7 /* Images.xcassets */ = {isa = PBXFileReference; lastKnownFileType = folder.assetcatalog; path = Images.xcassets; sourceTree = "<group>"; };
		7D999D22225B39B0006B49B7 /* iOSVersion.swift */ = {isa = PBXFileReference; fileEncoding = 4; lastKnownFileType = sourcecode.swift; path = iOSVersion.swift; sourceTree = "<group>"; };
		7D999D24225B39B0006B49B7 /* OpenGpxTracker.xcdatamodel */ = {isa = PBXFileReference; lastKnownFileType = wrapper.xcdatamodel; path = OpenGpxTracker.xcdatamodel; sourceTree = "<group>"; };
		7D999D27225B39B0006B49B7 /* GPXWaypoint+MKAnnotation.swift */ = {isa = PBXFileReference; fileEncoding = 4; lastKnownFileType = sourcecode.swift; path = "GPXWaypoint+MKAnnotation.swift"; sourceTree = "<group>"; };
		7D999D28225B39B0006B49B7 /* GPXRoot+length.swift */ = {isa = PBXFileReference; fileEncoding = 4; lastKnownFileType = sourcecode.swift; path = "GPXRoot+length.swift"; sourceTree = "<group>"; };
		7D999D29225B39B0006B49B7 /* GPXExtentCoordinates.swift */ = {isa = PBXFileReference; fileEncoding = 4; lastKnownFileType = sourcecode.swift; path = GPXExtentCoordinates.swift; sourceTree = "<group>"; };
		7D999D2B225B39B0006B49B7 /* CachedTileOverlay.swift */ = {isa = PBXFileReference; fileEncoding = 4; lastKnownFileType = sourcecode.swift; path = CachedTileOverlay.swift; sourceTree = "<group>"; };
		7D999D2C225B39B0006B49B7 /* GPXTrackSegment+MapKit.swift */ = {isa = PBXFileReference; fileEncoding = 4; lastKnownFileType = sourcecode.swift; path = "GPXTrackSegment+MapKit.swift"; sourceTree = "<group>"; };
		7D999D2D225B39B0006B49B7 /* StopWatchDelegate.swift */ = {isa = PBXFileReference; fileEncoding = 4; lastKnownFileType = sourcecode.swift; path = StopWatchDelegate.swift; sourceTree = "<group>"; };
		7D999D2E225B39B0006B49B7 /* GPXTrack+length.swift */ = {isa = PBXFileReference; fileEncoding = 4; lastKnownFileType = sourcecode.swift; path = "GPXTrack+length.swift"; sourceTree = "<group>"; };
		7D999D2F225B39B0006B49B7 /* GPXTrackPoint+MapKit.swift */ = {isa = PBXFileReference; fileEncoding = 4; lastKnownFileType = sourcecode.swift; path = "GPXTrackPoint+MapKit.swift"; sourceTree = "<group>"; };
		7D999D30225B39B0006B49B7 /* StopWatch.swift */ = {isa = PBXFileReference; fileEncoding = 4; lastKnownFileType = sourcecode.swift; path = StopWatch.swift; sourceTree = "<group>"; };
		7D999D31225B39B0006B49B7 /* Date+timeAgo.swift */ = {isa = PBXFileReference; fileEncoding = 4; lastKnownFileType = sourcecode.swift; path = "Date+timeAgo.swift"; sourceTree = "<group>"; };
		7D999D32225B39B0006B49B7 /* Int+asFilesize.swift */ = {isa = PBXFileReference; fileEncoding = 4; lastKnownFileType = sourcecode.swift; path = "Int+asFilesize.swift"; sourceTree = "<group>"; };
		7D999D34225B39B0006B49B7 /* TrackRecorder.swift */ = {isa = PBXFileReference; fileEncoding = 4; lastKnownFileType = sourcecode.swift; path = TrackRecorder.swift; sourceTree = "<group>"; };
		7D999D35225B39B0006B49B7 /* OpenGpxTrackerController.swift */ = {isa = PBXFileReference; fileEncoding = 4; lastKnownFileType = sourcecode.swift; path = OpenGpxTrackerController.swift; sourceTree = "<group>"; };
		7D999D36225B39B0006B49B7 /* GPXFilesTableViewController.swift */ = {isa = PBXFileReference; fileEncoding = 4; lastKnownFileType = sourcecode.swift; path = GPXFilesTableViewController.swift; sourceTree = "<group>"; };
		7D999D37225B39B0006B49B7 /* PreferencesTableViewController.swift */ = {isa = PBXFileReference; fileEncoding = 4; lastKnownFileType = sourcecode.swift; path = PreferencesTableViewController.swift; sourceTree = "<group>"; };
		7D999D38225B39B0006B49B7 /* MailerManager.swift */ = {isa = PBXFileReference; fileEncoding = 4; lastKnownFileType = sourcecode.swift; path = MailerManager.swift; sourceTree = "<group>"; };
		7D999D39225B39B0006B49B7 /* PreferencesTableViewControllerDelegate.swift */ = {isa = PBXFileReference; fileEncoding = 4; lastKnownFileType = sourcecode.swift; path = PreferencesTableViewControllerDelegate.swift; sourceTree = "<group>"; };
		7D999D3A225B39B0006B49B7 /* GPXFilesTableViewControlllerDelegate.swift */ = {isa = PBXFileReference; fileEncoding = 4; lastKnownFileType = sourcecode.swift; path = GPXFilesTableViewControlllerDelegate.swift; sourceTree = "<group>"; };
		7D999D3B225B39B0006B49B7 /* AboutViewController.swift */ = {isa = PBXFileReference; fileEncoding = 4; lastKnownFileType = sourcecode.swift; path = AboutViewController.swift; sourceTree = "<group>"; };
		7D999D3C225B39B0006B49B7 /* MapViewDelegate.swift */ = {isa = PBXFileReference; fileEncoding = 4; lastKnownFileType = sourcecode.swift; path = MapViewDelegate.swift; sourceTree = "<group>"; };
		7D999D3E225B39B0006B49B7 /* UIDistanceLabel.swift */ = {isa = PBXFileReference; fileEncoding = 4; lastKnownFileType = sourcecode.swift; path = UIDistanceLabel.swift; sourceTree = "<group>"; };
		7D999D3F225B39B0006B49B7 /* TrackerButton.swift */ = {isa = PBXFileReference; fileEncoding = 4; lastKnownFileType = sourcecode.swift; path = TrackerButton.swift; sourceTree = "<group>"; };
		7D999D40225B39B0006B49B7 /* GPXMapView.swift */ = {isa = PBXFileReference; fileEncoding = 4; lastKnownFileType = sourcecode.swift; path = GPXMapView.swift; sourceTree = "<group>"; };
		7D9A41A2225C820D00355C8D /* Localizable.strings */ = {isa = PBXFileReference; fileEncoding = 4; lastKnownFileType = text.plist.strings; path = Localizable.strings; sourceTree = "<group>"; };
		7D9A41A3225C820D00355C8D /* Localizable.strings(cn).xcconfig */ = {isa = PBXFileReference; fileEncoding = 4; lastKnownFileType = text.xcconfig; path = "Localizable.strings(cn).xcconfig"; sourceTree = "<group>"; };
		7D9A41A4225C820D00355C8D /* Assets.xcassets */ = {isa = PBXFileReference; lastKnownFileType = folder.assetcatalog; path = Assets.xcassets; sourceTree = "<group>"; };
		7D9A41A5225C820D00355C8D /* GoogleService-Info.plist */ = {isa = PBXFileReference; fileEncoding = 4; lastKnownFileType = text.plist.xml; path = "GoogleService-Info.plist"; sourceTree = "<group>"; };
		7D9A41A7225C820D00355C8D /* Base */ = {isa = PBXFileReference; lastKnownFileType = file.storyboard; name = Base; path = Base.lproj/LaunchScreen.storyboard; sourceTree = "<group>"; };
		7D9A41A8225C820D00355C8D /* AppDelegate.swift */ = {isa = PBXFileReference; fileEncoding = 4; lastKnownFileType = sourcecode.swift; path = AppDelegate.swift; sourceTree = "<group>"; };
		7D9A41B1225C820E00355C8D /* FilesManger.swift */ = {isa = PBXFileReference; fileEncoding = 4; lastKnownFileType = sourcecode.swift; path = FilesManger.swift; sourceTree = "<group>"; };
		7D9A41D9225C820F00355C8D /* HRMapView.swift */ = {isa = PBXFileReference; fileEncoding = 4; lastKnownFileType = sourcecode.swift; path = HRMapView.swift; sourceTree = "<group>"; };
		7D9A41DB225C820F00355C8D /* CalendarModel.swift */ = {isa = PBXFileReference; fileEncoding = 4; lastKnownFileType = sourcecode.swift; path = CalendarModel.swift; sourceTree = "<group>"; };
		7D9A41DC225C820F00355C8D /* CalendarManager.swift */ = {isa = PBXFileReference; fileEncoding = 4; lastKnownFileType = sourcecode.swift; path = CalendarManager.swift; sourceTree = "<group>"; };
		7D9A41DE225C820F00355C8D /* AuthController.swift */ = {isa = PBXFileReference; fileEncoding = 4; lastKnownFileType = sourcecode.swift; path = AuthController.swift; sourceTree = "<group>"; };
		7D9A41E0225C820F00355C8D /* LocationDataManager.swift */ = {isa = PBXFileReference; fileEncoding = 4; lastKnownFileType = sourcecode.swift; path = LocationDataManager.swift; sourceTree = "<group>"; };
		7D9A41E1225C820F00355C8D /* LocationManager.swift */ = {isa = PBXFileReference; fileEncoding = 4; lastKnownFileType = sourcecode.swift; path = LocationManager.swift; sourceTree = "<group>"; };
		7D9A41E2225C820F00355C8D /* LocationModel.swift */ = {isa = PBXFileReference; fileEncoding = 4; lastKnownFileType = sourcecode.swift; path = LocationModel.swift; sourceTree = "<group>"; };
		7D9A41E4225C820F00355C8D /* HealthSleepDataManager.swift */ = {isa = PBXFileReference; fileEncoding = 4; lastKnownFileType = sourcecode.swift; path = HealthSleepDataManager.swift; sourceTree = "<group>"; };
		7D9A41E5225C820F00355C8D /* HealthDataManager.swift */ = {isa = PBXFileReference; fileEncoding = 4; lastKnownFileType = sourcecode.swift; path = HealthDataManager.swift; sourceTree = "<group>"; };
		7D9A41E7225C820F00355C8D /* TimeSummaryManager.swift */ = {isa = PBXFileReference; fileEncoding = 4; lastKnownFileType = sourcecode.swift; path = TimeSummaryManager.swift; sourceTree = "<group>"; };
		7D9A41E8225C820F00355C8D /* TimeSummaryDataBase.swift */ = {isa = PBXFileReference; fileEncoding = 4; lastKnownFileType = sourcecode.swift; path = TimeSummaryDataBase.swift; sourceTree = "<group>"; };
		7D9A41EA225C820F00355C8D /* ServiceManager.swift */ = {isa = PBXFileReference; fileEncoding = 4; lastKnownFileType = sourcecode.swift; path = ServiceManager.swift; sourceTree = "<group>"; };
		7D9A41EC225C820F00355C8D /* DatabaseMamager.swift */ = {isa = PBXFileReference; fileEncoding = 4; lastKnownFileType = sourcecode.swift; path = DatabaseMamager.swift; sourceTree = "<group>"; };
		7D9A4223225C843200355C8D /* TimeManager.entitlements */ = {isa = PBXFileReference; lastKnownFileType = text.plist.entitlements; path = TimeManager.entitlements; sourceTree = "<group>"; };
		7D9A4224225C855200355C8D /* HRViewController.swift */ = {isa = PBXFileReference; fileEncoding = 4; lastKnownFileType = sourcecode.swift; path = HRViewController.swift; sourceTree = "<group>"; };
		7D9A4227225C892700355C8D /* FileDetailInfo.swift */ = {isa = PBXFileReference; fileEncoding = 4; lastKnownFileType = sourcecode.swift; path = FileDetailInfo.swift; sourceTree = "<group>"; };
		7D9A4229225C894B00355C8D /* GPXFileManager.swift */ = {isa = PBXFileReference; fileEncoding = 4; lastKnownFileType = sourcecode.swift; path = GPXFileManager.swift; sourceTree = "<group>"; };
		7D9A422B225C8CBD00355C8D /* GPXDataManager.swift */ = {isa = PBXFileReference; lastKnownFileType = sourcecode.swift; path = GPXDataManager.swift; sourceTree = "<group>"; };
		7D9A4239225CB4BF00355C8D /* BorderPatrol.h */ = {isa = PBXFileReference; fileEncoding = 4; lastKnownFileType = sourcecode.c.h; path = BorderPatrol.h; sourceTree = "<group>"; };
		7D9A423A225CB4BF00355C8D /* BPRegion.m */ = {isa = PBXFileReference; fileEncoding = 4; lastKnownFileType = sourcecode.c.objc; path = BPRegion.m; sourceTree = "<group>"; };
		7D9A423B225CB4BF00355C8D /* BPPolygon.h */ = {isa = PBXFileReference; fileEncoding = 4; lastKnownFileType = sourcecode.c.h; path = BPPolygon.h; sourceTree = "<group>"; };
		7D9A423C225CB4BF00355C8D /* CLLocation+ChinaMapDeviation.m */ = {isa = PBXFileReference; fileEncoding = 4; lastKnownFileType = sourcecode.c.objc; path = "CLLocation+ChinaMapDeviation.m"; sourceTree = "<group>"; };
		7D9A423D225CB4BF00355C8D /* BPPolygon.m */ = {isa = PBXFileReference; fileEncoding = 4; lastKnownFileType = sourcecode.c.objc; path = BPPolygon.m; sourceTree = "<group>"; };
		7D9A423E225CB4BF00355C8D /* BPRegion.h */ = {isa = PBXFileReference; fileEncoding = 4; lastKnownFileType = sourcecode.c.h; path = BPRegion.h; sourceTree = "<group>"; };
		7D9A423F225CB4BF00355C8D /* CLLocation+ChinaMapDeviation.h */ = {isa = PBXFileReference; fileEncoding = 4; lastKnownFileType = sourcecode.c.h; path = "CLLocation+ChinaMapDeviation.h"; sourceTree = "<group>"; };
		7D9A4246225CB5D700355C8D /* Bridging-Header.h */ = {isa = PBXFileReference; lastKnownFileType = sourcecode.c.h; path = "Bridging-Header.h"; sourceTree = "<group>"; };
		7D9A424A225CB83300355C8D /* china.kml */ = {isa = PBXFileReference; fileEncoding = 4; lastKnownFileType = text.xml; path = china.kml; sourceTree = "<group>"; };
		7DE9A258223248230039357D /* AuthViewController.swift */ = {isa = PBXFileReference; lastKnownFileType = sourcecode.swift; path = AuthViewController.swift; sourceTree = "<group>"; };
		7DE9A25D22324F030039357D /* LocationController.swift */ = {isa = PBXFileReference; lastKnownFileType = sourcecode.swift; path = LocationController.swift; sourceTree = "<group>"; };
		7DFF512822262ED000D98613 /* TimeManager.app */ = {isa = PBXFileReference; explicitFileType = wrapper.application; includeInIndex = 0; path = TimeManager.app; sourceTree = BUILT_PRODUCTS_DIR; };
		7DFF513E22264B7000D98613 /* HealthKit.framework */ = {isa = PBXFileReference; lastKnownFileType = wrapper.framework; name = HealthKit.framework; path = System/Library/Frameworks/HealthKit.framework; sourceTree = SDKROOT; };
		7DFF51512226677000D98613 /* CloudKit.framework */ = {isa = PBXFileReference; lastKnownFileType = wrapper.framework; name = CloudKit.framework; path = System/Library/Frameworks/CloudKit.framework; sourceTree = SDKROOT; };
		7DFF515C22269E3100D98613 /* TimeManager_Widget.appex */ = {isa = PBXFileReference; explicitFileType = "wrapper.app-extension"; includeInIndex = 0; path = TimeManager_Widget.appex; sourceTree = BUILT_PRODUCTS_DIR; };
		7DFF515D22269E3100D98613 /* NotificationCenter.framework */ = {isa = PBXFileReference; lastKnownFileType = wrapper.framework; name = NotificationCenter.framework; path = System/Library/Frameworks/NotificationCenter.framework; sourceTree = SDKROOT; };
		7DFF516022269E3100D98613 /* TodayViewController.swift */ = {isa = PBXFileReference; lastKnownFileType = sourcecode.swift; path = TodayViewController.swift; sourceTree = "<group>"; };
		7DFF516322269E3100D98613 /* Base */ = {isa = PBXFileReference; lastKnownFileType = file.storyboard; name = Base; path = Base.lproj/MainInterface.storyboard; sourceTree = "<group>"; };
		7DFF516522269E3100D98613 /* Info.plist */ = {isa = PBXFileReference; lastKnownFileType = text.plist.xml; path = Info.plist; sourceTree = "<group>"; };
		A5CD7FEE22ACE6BEF33BC3EF /* Pods-TimeManager_Widget.release.xcconfig */ = {isa = PBXFileReference; includeInIndex = 1; lastKnownFileType = text.xcconfig; name = "Pods-TimeManager_Widget.release.xcconfig"; path = "Pods/Target Support Files/Pods-TimeManager_Widget/Pods-TimeManager_Widget.release.xcconfig"; sourceTree = "<group>"; };
		CB074745B6FA9F35852192A9 /* Pods-TimeManager_Widget.debug.xcconfig */ = {isa = PBXFileReference; includeInIndex = 1; lastKnownFileType = text.xcconfig; name = "Pods-TimeManager_Widget.debug.xcconfig"; path = "Pods/Target Support Files/Pods-TimeManager_Widget/Pods-TimeManager_Widget.debug.xcconfig"; sourceTree = "<group>"; };
		ED5FC6DEDD20FDB83F5D3D10 /* Pods-TimeManager.release.xcconfig */ = {isa = PBXFileReference; includeInIndex = 1; lastKnownFileType = text.xcconfig; name = "Pods-TimeManager.release.xcconfig"; path = "Pods/Target Support Files/Pods-TimeManager/Pods-TimeManager.release.xcconfig"; sourceTree = "<group>"; };
/* End PBXFileReference section */

/* Begin PBXFrameworksBuildPhase section */
		7DFF512522262ED000D98613 /* Frameworks */ = {
			isa = PBXFrameworksBuildPhase;
			buildActionMask = 2147483647;
			files = (
				7DFF51522226677000D98613 /* CloudKit.framework in Frameworks */,
				3C3E732D9C0D962B53CE95CD /* Pods_TimeManager.framework in Frameworks */,
				7DFF513F22264B7100D98613 /* HealthKit.framework in Frameworks */,
			);
			runOnlyForDeploymentPostprocessing = 0;
		};
		7DFF515922269E3100D98613 /* Frameworks */ = {
			isa = PBXFrameworksBuildPhase;
			buildActionMask = 2147483647;
			files = (
				7DFF515E22269E3100D98613 /* NotificationCenter.framework in Frameworks */,
				38D27FE27892652DF501CC4F /* Pods_TimeManager_Widget.framework in Frameworks */,
			);
			runOnlyForDeploymentPostprocessing = 0;
		};
/* End PBXFrameworksBuildPhase section */

/* Begin PBXGroup section */
		7D999D1C225B39B0006B49B7 /* OpenGpxTracker */ = {
			isa = PBXGroup;
			children = (
				7D999D1D225B39B0006B49B7 /* Resources */,
				7D999D25225B39B0006B49B7 /* Models */,
				7D999D33225B39B0006B49B7 /* Controllers */,
				7D999D3D225B39B0006B49B7 /* Views */,
			);
			path = OpenGpxTracker;
			sourceTree = "<group>";
		};
		7D999D1D225B39B0006B49B7 /* Resources */ = {
			isa = PBXGroup;
			children = (
				7D999D20225B39B0006B49B7 /* GPXTileServer.swift */,
				7D999D21225B39B0006B49B7 /* Images.xcassets */,
				7D999D22225B39B0006B49B7 /* iOSVersion.swift */,
				7D999D23225B39B0006B49B7 /* OpenGpxTracker.xcdatamodeld */,
			);
			path = Resources;
			sourceTree = "<group>";
		};
		7D999D25225B39B0006B49B7 /* Models */ = {
			isa = PBXGroup;
			children = (
				7D999D27225B39B0006B49B7 /* GPXWaypoint+MKAnnotation.swift */,
				7D999D28225B39B0006B49B7 /* GPXRoot+length.swift */,
				7D999D29225B39B0006B49B7 /* GPXExtentCoordinates.swift */,
				7D999D2B225B39B0006B49B7 /* CachedTileOverlay.swift */,
				7D999D2C225B39B0006B49B7 /* GPXTrackSegment+MapKit.swift */,
				7D999D2D225B39B0006B49B7 /* StopWatchDelegate.swift */,
				7D999D2E225B39B0006B49B7 /* GPXTrack+length.swift */,
				7D999D2F225B39B0006B49B7 /* GPXTrackPoint+MapKit.swift */,
				7D999D30225B39B0006B49B7 /* StopWatch.swift */,
				7D999D31225B39B0006B49B7 /* Date+timeAgo.swift */,
				7D999D32225B39B0006B49B7 /* Int+asFilesize.swift */,
			);
			path = Models;
			sourceTree = "<group>";
		};
		7D999D33225B39B0006B49B7 /* Controllers */ = {
			isa = PBXGroup;
			children = (
				7D999D35225B39B0006B49B7 /* OpenGpxTrackerController.swift */,
				7D999D34225B39B0006B49B7 /* TrackRecorder.swift */,
				7D999D36225B39B0006B49B7 /* GPXFilesTableViewController.swift */,
				7D999D37225B39B0006B49B7 /* PreferencesTableViewController.swift */,
				7D999D38225B39B0006B49B7 /* MailerManager.swift */,
				7D999D39225B39B0006B49B7 /* PreferencesTableViewControllerDelegate.swift */,
				7D999D3A225B39B0006B49B7 /* GPXFilesTableViewControlllerDelegate.swift */,
				7D999D3B225B39B0006B49B7 /* AboutViewController.swift */,
				7D999D3C225B39B0006B49B7 /* MapViewDelegate.swift */,
			);
			path = Controllers;
			sourceTree = "<group>";
		};
		7D999D3D225B39B0006B49B7 /* Views */ = {
			isa = PBXGroup;
			children = (
				7D999D3E225B39B0006B49B7 /* UIDistanceLabel.swift */,
				7D999D3F225B39B0006B49B7 /* TrackerButton.swift */,
				7D999D40225B39B0006B49B7 /* GPXMapView.swift */,
			);
			path = Views;
			sourceTree = "<group>";
		};
		7D9A419E225C820D00355C8D /* UI-Component */ = {
			isa = PBXGroup;
			children = (
			);
			path = "UI-Component";
			sourceTree = "<group>";
		};
		7D9A419F225C820D00355C8D /* Supporting Files */ = {
			isa = PBXGroup;
			children = (
				7D9A41A0225C820D00355C8D /* Source */,
				7D9A41A4225C820D00355C8D /* Assets.xcassets */,
				7D9A41A5225C820D00355C8D /* GoogleService-Info.plist */,
				7D9A41A6225C820D00355C8D /* LaunchScreen.storyboard */,
				7D9A41A8225C820D00355C8D /* AppDelegate.swift */,
				7D9A4246225CB5D700355C8D /* Bridging-Header.h */,
			);
			path = "Supporting Files";
			sourceTree = "<group>";
		};
		7D9A41A0225C820D00355C8D /* Source */ = {
			isa = PBXGroup;
			children = (
				7D9A41A1225C820D00355C8D /* Localizale */,
			);
			path = Source;
			sourceTree = "<group>";
		};
		7D9A41A1225C820D00355C8D /* Localizale */ = {
			isa = PBXGroup;
			children = (
				7D9A41A2225C820D00355C8D /* Localizable.strings */,
				7D9A41A3225C820D00355C8D /* Localizable.strings(cn).xcconfig */,
			);
			path = Localizale;
			sourceTree = "<group>";
		};
		7D9A41B0225C820E00355C8D /* General */ = {
			isa = PBXGroup;
			children = (
				7D9A41B1225C820E00355C8D /* FilesManger.swift */,
			);
			path = General;
			sourceTree = "<group>";
		};
		7D9A41D5225C820E00355C8D /* General-Tools */ = {
			isa = PBXGroup;
			children = (
				7D9A422D225CAF8200355C8D /* GPS */,
			);
			path = "General-Tools";
			sourceTree = "<group>";
		};
		7D9A41D6225C820F00355C8D /* AbstractBaseClass */ = {
			isa = PBXGroup;
			children = (
			);
			path = AbstractBaseClass;
			sourceTree = "<group>";
		};
		7D9A41D7225C820F00355C8D /* Services */ = {
			isa = PBXGroup;
			children = (
				7D9A4226225C890600355C8D /* FileManager */,
				7D9A41D8225C820F00355C8D /* Maps */,
				7D9A41DA225C820F00355C8D /* Calendar */,
				7D9A41DD225C820F00355C8D /* Auth */,
				7D9A41DF225C820F00355C8D /* Location */,
				7D9A41E3225C820F00355C8D /* Health */,
				7D9A41E6225C820F00355C8D /* TimeSummary */,
				7D9A41E9225C820F00355C8D /* Manager */,
				7D9A41EB225C820F00355C8D /* Data */,
			);
			path = Services;
			sourceTree = "<group>";
		};
		7D9A41D8225C820F00355C8D /* Maps */ = {
			isa = PBXGroup;
			children = (
				7D9A41D9225C820F00355C8D /* HRMapView.swift */,
			);
			path = Maps;
			sourceTree = "<group>";
		};
		7D9A41DA225C820F00355C8D /* Calendar */ = {
			isa = PBXGroup;
			children = (
				7D9A41DB225C820F00355C8D /* CalendarModel.swift */,
				7D9A41DC225C820F00355C8D /* CalendarManager.swift */,
			);
			path = Calendar;
			sourceTree = "<group>";
		};
		7D9A41DD225C820F00355C8D /* Auth */ = {
			isa = PBXGroup;
			children = (
				7D9A41DE225C820F00355C8D /* AuthController.swift */,
			);
			path = Auth;
			sourceTree = "<group>";
		};
		7D9A41DF225C820F00355C8D /* Location */ = {
			isa = PBXGroup;
			children = (
				7D9A41E0225C820F00355C8D /* LocationDataManager.swift */,
				7D9A41E1225C820F00355C8D /* LocationManager.swift */,
				7D9A41E2225C820F00355C8D /* LocationModel.swift */,
			);
			path = Location;
			sourceTree = "<group>";
		};
		7D9A41E3225C820F00355C8D /* Health */ = {
			isa = PBXGroup;
			children = (
				7D9A41E4225C820F00355C8D /* HealthSleepDataManager.swift */,
				7D9A41E5225C820F00355C8D /* HealthDataManager.swift */,
			);
			path = Health;
			sourceTree = "<group>";
		};
		7D9A41E6225C820F00355C8D /* TimeSummary */ = {
			isa = PBXGroup;
			children = (
				7D9A41E7225C820F00355C8D /* TimeSummaryManager.swift */,
				7D9A41E8225C820F00355C8D /* TimeSummaryDataBase.swift */,
			);
			path = TimeSummary;
			sourceTree = "<group>";
		};
		7D9A41E9225C820F00355C8D /* Manager */ = {
			isa = PBXGroup;
			children = (
				7D9A41EA225C820F00355C8D /* ServiceManager.swift */,
			);
			path = Manager;
			sourceTree = "<group>";
		};
		7D9A41EB225C820F00355C8D /* Data */ = {
			isa = PBXGroup;
			children = (
				7D9A41EC225C820F00355C8D /* DatabaseMamager.swift */,
			);
			path = Data;
			sourceTree = "<group>";
		};
		7D9A4226225C890600355C8D /* FileManager */ = {
			isa = PBXGroup;
			children = (
				7D9A4229225C894B00355C8D /* GPXFileManager.swift */,
				7D9A4227225C892700355C8D /* FileDetailInfo.swift */,
				7D9A422B225C8CBD00355C8D /* GPXDataManager.swift */,
			);
			path = FileManager;
			sourceTree = "<group>";
		};
		7D9A422D225CAF8200355C8D /* GPS */ = {
			isa = PBXGroup;
			children = (
				7D9A4238225CB4BF00355C8D /* Deviation of China Map */,
			);
			path = GPS;
			sourceTree = "<group>";
		};
		7D9A4238225CB4BF00355C8D /* Deviation of China Map */ = {
			isa = PBXGroup;
			children = (
				7D9A4239225CB4BF00355C8D /* BorderPatrol.h */,
				7D9A423B225CB4BF00355C8D /* BPPolygon.h */,
				7D9A423D225CB4BF00355C8D /* BPPolygon.m */,
				7D9A423E225CB4BF00355C8D /* BPRegion.h */,
				7D9A423A225CB4BF00355C8D /* BPRegion.m */,
				7D9A423F225CB4BF00355C8D /* CLLocation+ChinaMapDeviation.h */,
				7D9A423C225CB4BF00355C8D /* CLLocation+ChinaMapDeviation.m */,
				7D9A424A225CB83300355C8D /* china.kml */,
			);
			path = "Deviation of China Map";
			sourceTree = "<group>";
		};
		7DE9A257223248100039357D /* Controllers */ = {
			isa = PBXGroup;
			children = (
				7D9A4224225C855200355C8D /* HRViewController.swift */,
				7DE9A258223248230039357D /* AuthViewController.swift */,
				7DE9A25D22324F030039357D /* LocationController.swift */,
				7D687F992239169500D780E9 /* TimeSummaryController.swift */,
			);
			path = Controllers;
			sourceTree = "<group>";
		};
		7DFF511F22262ED000D98613 = {
			isa = PBXGroup;
			children = (
				7DFF512A22262ED000D98613 /* TimeManager */,
				7DFF515F22269E3100D98613 /* TimeManager_Widget */,
				7DFF512922262ED000D98613 /* Products */,
				D18437DFD673A88937AFD9B1 /* Pods */,
				A924AC24761F4A432E58E59E /* Frameworks */,
			);
			sourceTree = "<group>";
		};
		7DFF512922262ED000D98613 /* Products */ = {
			isa = PBXGroup;
			children = (
				7DFF512822262ED000D98613 /* TimeManager.app */,
				7DFF515C22269E3100D98613 /* TimeManager_Widget.appex */,
			);
			name = Products;
			sourceTree = "<group>";
		};
		7DFF512A22262ED000D98613 /* TimeManager */ = {
			isa = PBXGroup;
			children = (
				7D9A4223225C843200355C8D /* TimeManager.entitlements */,
				7D9A41D6225C820F00355C8D /* AbstractBaseClass */,
				7D9A41B0225C820E00355C8D /* General */,
				7D9A41D5225C820E00355C8D /* General-Tools */,
				7D9A41D7225C820F00355C8D /* Services */,
				7D9A419F225C820D00355C8D /* Supporting Files */,
				7D9A419E225C820D00355C8D /* UI-Component */,
				7D999D1C225B39B0006B49B7 /* OpenGpxTracker */,
				7DE9A257223248100039357D /* Controllers */,
			);
			path = TimeManager;
			sourceTree = "<group>";
		};
		7DFF515F22269E3100D98613 /* TimeManager_Widget */ = {
			isa = PBXGroup;
			children = (
				7DFF516022269E3100D98613 /* TodayViewController.swift */,
				7DFF516222269E3100D98613 /* MainInterface.storyboard */,
				7DFF516522269E3100D98613 /* Info.plist */,
			);
			path = TimeManager_Widget;
			sourceTree = "<group>";
		};
		A924AC24761F4A432E58E59E /* Frameworks */ = {
			isa = PBXGroup;
			children = (
				7DFF51512226677000D98613 /* CloudKit.framework */,
				7DFF513E22264B7000D98613 /* HealthKit.framework */,
				4D5F13B987B4F8515F0AC5F4 /* Pods_TimeManager.framework */,
				7DFF515D22269E3100D98613 /* NotificationCenter.framework */,
				262C8E540A00FE0D2FDAF292 /* Pods_TimeManager_Widget.framework */,
			);
			name = Frameworks;
			sourceTree = "<group>";
		};
		D18437DFD673A88937AFD9B1 /* Pods */ = {
			isa = PBXGroup;
			children = (
				2F6D0982D83AE56D3F96DB23 /* Pods-TimeManager.debug.xcconfig */,
				ED5FC6DEDD20FDB83F5D3D10 /* Pods-TimeManager.release.xcconfig */,
				CB074745B6FA9F35852192A9 /* Pods-TimeManager_Widget.debug.xcconfig */,
				A5CD7FEE22ACE6BEF33BC3EF /* Pods-TimeManager_Widget.release.xcconfig */,
			);
			name = Pods;
			sourceTree = "<group>";
		};
/* End PBXGroup section */

/* Begin PBXNativeTarget section */
		7DFF512722262ED000D98613 /* TimeManager */ = {
			isa = PBXNativeTarget;
			buildConfigurationList = 7DFF513A22262ED200D98613 /* Build configuration list for PBXNativeTarget "TimeManager" */;
			buildPhases = (
				11DA9D191EF4754EA7B90C18 /* [CP] Check Pods Manifest.lock */,
				7DFF512422262ED000D98613 /* Sources */,
				7DFF512522262ED000D98613 /* Frameworks */,
				7DFF512622262ED000D98613 /* Resources */,
				F13EBEF3A03410EDA02016CF /* [CP] Embed Pods Frameworks */,
				7DFF516C22269E3100D98613 /* Embed App Extensions */,
			);
			buildRules = (
			);
			dependencies = (
				7DFF516722269E3100D98613 /* PBXTargetDependency */,
			);
			name = TimeManager;
			productName = TimeManager;
			productReference = 7DFF512822262ED000D98613 /* TimeManager.app */;
			productType = "com.apple.product-type.application";
		};
		7DFF515B22269E3100D98613 /* TimeManager_Widget */ = {
			isa = PBXNativeTarget;
			buildConfigurationList = 7DFF516922269E3100D98613 /* Build configuration list for PBXNativeTarget "TimeManager_Widget" */;
			buildPhases = (
				04799F6CEB452DCD47C5C197 /* [CP] Check Pods Manifest.lock */,
				7DFF515822269E3100D98613 /* Sources */,
				7DFF515922269E3100D98613 /* Frameworks */,
				7DFF515A22269E3100D98613 /* Resources */,
			);
			buildRules = (
			);
			dependencies = (
			);
			name = TimeManager_Widget;
			productName = TimeManager_Widget;
			productReference = 7DFF515C22269E3100D98613 /* TimeManager_Widget.appex */;
			productType = "com.apple.product-type.app-extension";
		};
/* End PBXNativeTarget section */

/* Begin PBXProject section */
		7DFF512022262ED000D98613 /* Project object */ = {
			isa = PBXProject;
			attributes = {
				LastSwiftUpdateCheck = 1010;
				LastUpgradeCheck = 1010;
				ORGANIZATIONNAME = Huanrong;
				TargetAttributes = {
					7DFF512722262ED000D98613 = {
						CreatedOnToolsVersion = 10.1;
						SystemCapabilities = {
							com.apple.ApplicationGroups.iOS = {
								enabled = 1;
							};
							com.apple.BackgroundModes = {
								enabled = 1;
							};
							com.apple.HealthKit = {
								enabled = 1;
							};
							com.apple.Push = {
								enabled = 1;
							};
							com.apple.iCloud = {
								enabled = 1;
							};
						};
					};
					7DFF515B22269E3100D98613 = {
						CreatedOnToolsVersion = 10.1;
					};
				};
			};
			buildConfigurationList = 7DFF512322262ED000D98613 /* Build configuration list for PBXProject "TimeManager" */;
			compatibilityVersion = "Xcode 9.3";
			developmentRegion = en;
			hasScannedForEncodings = 0;
			knownRegions = (
				en,
				Base,
			);
			mainGroup = 7DFF511F22262ED000D98613;
			productRefGroup = 7DFF512922262ED000D98613 /* Products */;
			projectDirPath = "";
			projectRoot = "";
			targets = (
				7DFF512722262ED000D98613 /* TimeManager */,
				7DFF515B22269E3100D98613 /* TimeManager_Widget */,
			);
		};
/* End PBXProject section */

/* Begin PBXResourcesBuildPhase section */
		7DFF512622262ED000D98613 /* Resources */ = {
			isa = PBXResourcesBuildPhase;
			buildActionMask = 2147483647;
			files = (
				7D999D43225B39B1006B49B7 /* Images.xcassets in Resources */,
				7D9A41ED225C820F00355C8D /* Localizable.strings in Resources */,
				7D9A424B225CB83300355C8D /* china.kml in Resources */,
				7D9A41F0225C820F00355C8D /* GoogleService-Info.plist in Resources */,
				7D9A41F1225C820F00355C8D /* LaunchScreen.storyboard in Resources */,
				7D9A41EF225C820F00355C8D /* Assets.xcassets in Resources */,
				7D9A41EE225C820F00355C8D /* Localizable.strings(cn).xcconfig in Resources */,
			);
			runOnlyForDeploymentPostprocessing = 0;
		};
		7DFF515A22269E3100D98613 /* Resources */ = {
			isa = PBXResourcesBuildPhase;
			buildActionMask = 2147483647;
			files = (
				7DFF516422269E3100D98613 /* MainInterface.storyboard in Resources */,
			);
			runOnlyForDeploymentPostprocessing = 0;
		};
/* End PBXResourcesBuildPhase section */

/* Begin PBXShellScriptBuildPhase section */
		04799F6CEB452DCD47C5C197 /* [CP] Check Pods Manifest.lock */ = {
			isa = PBXShellScriptBuildPhase;
			buildActionMask = 2147483647;
			files = (
			);
			inputPaths = (
				"${PODS_PODFILE_DIR_PATH}/Podfile.lock",
				"${PODS_ROOT}/Manifest.lock",
			);
			name = "[CP] Check Pods Manifest.lock";
			outputPaths = (
				"$(DERIVED_FILE_DIR)/Pods-TimeManager_Widget-checkManifestLockResult.txt",
			);
			runOnlyForDeploymentPostprocessing = 0;
			shellPath = /bin/sh;
			shellScript = "diff \"${PODS_PODFILE_DIR_PATH}/Podfile.lock\" \"${PODS_ROOT}/Manifest.lock\" > /dev/null\nif [ $? != 0 ] ; then\n    # print error to STDERR\n    echo \"error: The sandbox is not in sync with the Podfile.lock. Run 'pod install' or update your CocoaPods installation.\" >&2\n    exit 1\nfi\n# This output is used by Xcode 'outputs' to avoid re-running this script phase.\necho \"SUCCESS\" > \"${SCRIPT_OUTPUT_FILE_0}\"\n";
			showEnvVarsInLog = 0;
		};
		11DA9D191EF4754EA7B90C18 /* [CP] Check Pods Manifest.lock */ = {
			isa = PBXShellScriptBuildPhase;
			buildActionMask = 2147483647;
			files = (
			);
			inputPaths = (
				"${PODS_PODFILE_DIR_PATH}/Podfile.lock",
				"${PODS_ROOT}/Manifest.lock",
			);
			name = "[CP] Check Pods Manifest.lock";
			outputPaths = (
				"$(DERIVED_FILE_DIR)/Pods-TimeManager-checkManifestLockResult.txt",
			);
			runOnlyForDeploymentPostprocessing = 0;
			shellPath = /bin/sh;
			shellScript = "diff \"${PODS_PODFILE_DIR_PATH}/Podfile.lock\" \"${PODS_ROOT}/Manifest.lock\" > /dev/null\nif [ $? != 0 ] ; then\n    # print error to STDERR\n    echo \"error: The sandbox is not in sync with the Podfile.lock. Run 'pod install' or update your CocoaPods installation.\" >&2\n    exit 1\nfi\n# This output is used by Xcode 'outputs' to avoid re-running this script phase.\necho \"SUCCESS\" > \"${SCRIPT_OUTPUT_FILE_0}\"\n";
			showEnvVarsInLog = 0;
		};
		F13EBEF3A03410EDA02016CF /* [CP] Embed Pods Frameworks */ = {
			isa = PBXShellScriptBuildPhase;
			buildActionMask = 2147483647;
			files = (
			);
			inputFileListPaths = (
				"${PODS_ROOT}/Target Support Files/Pods-TimeManager/Pods-TimeManager-frameworks-${CONFIGURATION}-input-files.xcfilelist",
			);
			name = "[CP] Embed Pods Frameworks";
			outputFileListPaths = (
				"${PODS_ROOT}/Target Support Files/Pods-TimeManager/Pods-TimeManager-frameworks-${CONFIGURATION}-output-files.xcfilelist",
			);
			runOnlyForDeploymentPostprocessing = 0;
			shellPath = /bin/sh;
			shellScript = "\"${PODS_ROOT}/Target Support Files/Pods-TimeManager/Pods-TimeManager-frameworks.sh\"\n";
			showEnvVarsInLog = 0;
		};
/* End PBXShellScriptBuildPhase section */

/* Begin PBXSourcesBuildPhase section */
		7DFF512422262ED000D98613 /* Sources */ = {
			isa = PBXSourcesBuildPhase;
			buildActionMask = 2147483647;
			files = (
				7D999D45225B39B1006B49B7 /* OpenGpxTracker.xcdatamodeld in Sources */,
				7D999D42225B39B1006B49B7 /* GPXTileServer.swift in Sources */,
				7D9A421F225C820F00355C8D /* TimeSummaryManager.swift in Sources */,
				7D999D4F225B39B1006B49B7 /* GPXTrackPoint+MapKit.swift in Sources */,
				7D999D4E225B39B1006B49B7 /* GPXTrack+length.swift in Sources */,
				7D999D5B225B39B1006B49B7 /* MapViewDelegate.swift in Sources */,
				7D999D55225B39B1006B49B7 /* GPXFilesTableViewController.swift in Sources */,
				7D999D53225B39B1006B49B7 /* TrackRecorder.swift in Sources */,
				7D9A421D225C820F00355C8D /* HealthSleepDataManager.swift in Sources */,
				7D9A422A225C894B00355C8D /* GPXFileManager.swift in Sources */,
				7D9A421A225C820F00355C8D /* LocationDataManager.swift in Sources */,
				7D9A4225225C855200355C8D /* HRViewController.swift in Sources */,
				7D999D49225B39B1006B49B7 /* GPXExtentCoordinates.swift in Sources */,
				7D9A4242225CB4BF00355C8D /* BPPolygon.m in Sources */,
				7D9A41F2225C820F00355C8D /* AppDelegate.swift in Sources */,
				7D9A4217225C820F00355C8D /* CalendarModel.swift in Sources */,
				7D999D4D225B39B1006B49B7 /* StopWatchDelegate.swift in Sources */,
				7D9A4240225CB4BF00355C8D /* BPRegion.m in Sources */,
				7D999D44225B39B1006B49B7 /* iOSVersion.swift in Sources */,
				7D999D58225B39B1006B49B7 /* PreferencesTableViewControllerDelegate.swift in Sources */,
				7D9A41F8225C820F00355C8D /* FilesManger.swift in Sources */,
				7D9A4219225C820F00355C8D /* AuthController.swift in Sources */,
				7D999D5E225B39B1006B49B7 /* GPXMapView.swift in Sources */,
				7D9A4221225C820F00355C8D /* ServiceManager.swift in Sources */,
				7D999D48225B39B1006B49B7 /* GPXRoot+length.swift in Sources */,
				7D9A4216225C820F00355C8D /* HRMapView.swift in Sources */,
				7D9A4218225C820F00355C8D /* CalendarManager.swift in Sources */,
				7D999D47225B39B1006B49B7 /* GPXWaypoint+MKAnnotation.swift in Sources */,
				7D999D56225B39B1006B49B7 /* PreferencesTableViewController.swift in Sources */,
				7D999D4C225B39B1006B49B7 /* GPXTrackSegment+MapKit.swift in Sources */,
				7D9A421C225C820F00355C8D /* LocationModel.swift in Sources */,
				7D999D57225B39B1006B49B7 /* MailerManager.swift in Sources */,
				7D9A4228225C892700355C8D /* FileDetailInfo.swift in Sources */,
				7D9A4220225C820F00355C8D /* TimeSummaryDataBase.swift in Sources */,
				7D687F9A2239169600D780E9 /* TimeSummaryController.swift in Sources */,
				7DE9A259223248230039357D /* AuthViewController.swift in Sources */,
				7D999D54225B39B1006B49B7 /* OpenGpxTrackerController.swift in Sources */,
				7D9A4241225CB4BF00355C8D /* CLLocation+ChinaMapDeviation.m in Sources */,
				7D999D50225B39B1006B49B7 /* StopWatch.swift in Sources */,
				7D999D52225B39B1006B49B7 /* Int+asFilesize.swift in Sources */,
				7D9A421B225C820F00355C8D /* LocationManager.swift in Sources */,
				7D9A4222225C820F00355C8D /* DatabaseMamager.swift in Sources */,
				7D999D5A225B39B1006B49B7 /* AboutViewController.swift in Sources */,
				7D999D51225B39B1006B49B7 /* Date+timeAgo.swift in Sources */,
				7DE9A25E22324F030039357D /* LocationController.swift in Sources */,
				7D999D59225B39B1006B49B7 /* GPXFilesTableViewControlllerDelegate.swift in Sources */,
				7D999D4B225B39B1006B49B7 /* CachedTileOverlay.swift in Sources */,
				7D999D5C225B39B1006B49B7 /* UIDistanceLabel.swift in Sources */,
				7D999D5D225B39B1006B49B7 /* TrackerButton.swift in Sources */,
				7D9A422C225C8CBD00355C8D /* GPXDataManager.swift in Sources */,
				7D9A421E225C820F00355C8D /* HealthDataManager.swift in Sources */,
			);
			runOnlyForDeploymentPostprocessing = 0;
		};
		7DFF515822269E3100D98613 /* Sources */ = {
			isa = PBXSourcesBuildPhase;
			buildActionMask = 2147483647;
			files = (
				7DFF516122269E3100D98613 /* TodayViewController.swift in Sources */,
			);
			runOnlyForDeploymentPostprocessing = 0;
		};
/* End PBXSourcesBuildPhase section */

/* Begin PBXTargetDependency section */
		7DFF516722269E3100D98613 /* PBXTargetDependency */ = {
			isa = PBXTargetDependency;
			target = 7DFF515B22269E3100D98613 /* TimeManager_Widget */;
			targetProxy = 7DFF516622269E3100D98613 /* PBXContainerItemProxy */;
		};
/* End PBXTargetDependency section */

/* Begin PBXVariantGroup section */
		7D9A41A6225C820D00355C8D /* LaunchScreen.storyboard */ = {
			isa = PBXVariantGroup;
			children = (
				7D9A41A7225C820D00355C8D /* Base */,
			);
			name = LaunchScreen.storyboard;
			sourceTree = "<group>";
		};
		7DFF516222269E3100D98613 /* MainInterface.storyboard */ = {
			isa = PBXVariantGroup;
			children = (
				7DFF516322269E3100D98613 /* Base */,
			);
			name = MainInterface.storyboard;
			sourceTree = "<group>";
		};
/* End PBXVariantGroup section */

/* Begin XCBuildConfiguration section */
		7DFF513822262ED200D98613 /* Debug */ = {
			isa = XCBuildConfiguration;
			buildSettings = {
				ALWAYS_SEARCH_USER_PATHS = NO;
				CLANG_ANALYZER_NONNULL = YES;
				CLANG_ANALYZER_NUMBER_OBJECT_CONVERSION = YES_AGGRESSIVE;
				CLANG_CXX_LANGUAGE_STANDARD = "gnu++14";
				CLANG_CXX_LIBRARY = "libc++";
				CLANG_ENABLE_MODULES = YES;
				CLANG_ENABLE_OBJC_ARC = YES;
				CLANG_ENABLE_OBJC_WEAK = YES;
				CLANG_WARN_BLOCK_CAPTURE_AUTORELEASING = YES;
				CLANG_WARN_BOOL_CONVERSION = YES;
				CLANG_WARN_COMMA = YES;
				CLANG_WARN_CONSTANT_CONVERSION = YES;
				CLANG_WARN_DEPRECATED_OBJC_IMPLEMENTATIONS = YES;
				CLANG_WARN_DIRECT_OBJC_ISA_USAGE = YES_ERROR;
				CLANG_WARN_DOCUMENTATION_COMMENTS = YES;
				CLANG_WARN_EMPTY_BODY = YES;
				CLANG_WARN_ENUM_CONVERSION = YES;
				CLANG_WARN_INFINITE_RECURSION = YES;
				CLANG_WARN_INT_CONVERSION = YES;
				CLANG_WARN_NON_LITERAL_NULL_CONVERSION = YES;
				CLANG_WARN_OBJC_IMPLICIT_RETAIN_SELF = YES;
				CLANG_WARN_OBJC_LITERAL_CONVERSION = YES;
				CLANG_WARN_OBJC_ROOT_CLASS = YES_ERROR;
				CLANG_WARN_RANGE_LOOP_ANALYSIS = YES;
				CLANG_WARN_STRICT_PROTOTYPES = YES;
				CLANG_WARN_SUSPICIOUS_MOVE = YES;
				CLANG_WARN_UNGUARDED_AVAILABILITY = YES_AGGRESSIVE;
				CLANG_WARN_UNREACHABLE_CODE = YES;
				CLANG_WARN__DUPLICATE_METHOD_MATCH = YES;
				CODE_SIGN_IDENTITY = "iPhone Developer";
				COPY_PHASE_STRIP = NO;
				DEBUG_INFORMATION_FORMAT = dwarf;
				ENABLE_STRICT_OBJC_MSGSEND = YES;
				ENABLE_TESTABILITY = YES;
				GCC_C_LANGUAGE_STANDARD = gnu11;
				GCC_DYNAMIC_NO_PIC = NO;
				GCC_NO_COMMON_BLOCKS = YES;
				GCC_OPTIMIZATION_LEVEL = 0;
				GCC_PREPROCESSOR_DEFINITIONS = (
					"DEBUG=1",
					"$(inherited)",
				);
				GCC_WARN_64_TO_32_BIT_CONVERSION = YES;
				GCC_WARN_ABOUT_RETURN_TYPE = YES_ERROR;
				GCC_WARN_UNDECLARED_SELECTOR = YES;
				GCC_WARN_UNINITIALIZED_AUTOS = YES_AGGRESSIVE;
				GCC_WARN_UNUSED_FUNCTION = YES;
				GCC_WARN_UNUSED_VARIABLE = YES;
				IPHONEOS_DEPLOYMENT_TARGET = 12.1;
				MTL_ENABLE_DEBUG_INFO = INCLUDE_SOURCE;
				MTL_FAST_MATH = YES;
				ONLY_ACTIVE_ARCH = YES;
				SDKROOT = iphoneos;
				SWIFT_ACTIVE_COMPILATION_CONDITIONS = DEBUG;
				SWIFT_OPTIMIZATION_LEVEL = "-Onone";
			};
			name = Debug;
		};
		7DFF513922262ED200D98613 /* Release */ = {
			isa = XCBuildConfiguration;
			buildSettings = {
				ALWAYS_SEARCH_USER_PATHS = NO;
				CLANG_ANALYZER_NONNULL = YES;
				CLANG_ANALYZER_NUMBER_OBJECT_CONVERSION = YES_AGGRESSIVE;
				CLANG_CXX_LANGUAGE_STANDARD = "gnu++14";
				CLANG_CXX_LIBRARY = "libc++";
				CLANG_ENABLE_MODULES = YES;
				CLANG_ENABLE_OBJC_ARC = YES;
				CLANG_ENABLE_OBJC_WEAK = YES;
				CLANG_WARN_BLOCK_CAPTURE_AUTORELEASING = YES;
				CLANG_WARN_BOOL_CONVERSION = YES;
				CLANG_WARN_COMMA = YES;
				CLANG_WARN_CONSTANT_CONVERSION = YES;
				CLANG_WARN_DEPRECATED_OBJC_IMPLEMENTATIONS = YES;
				CLANG_WARN_DIRECT_OBJC_ISA_USAGE = YES_ERROR;
				CLANG_WARN_DOCUMENTATION_COMMENTS = YES;
				CLANG_WARN_EMPTY_BODY = YES;
				CLANG_WARN_ENUM_CONVERSION = YES;
				CLANG_WARN_INFINITE_RECURSION = YES;
				CLANG_WARN_INT_CONVERSION = YES;
				CLANG_WARN_NON_LITERAL_NULL_CONVERSION = YES;
				CLANG_WARN_OBJC_IMPLICIT_RETAIN_SELF = YES;
				CLANG_WARN_OBJC_LITERAL_CONVERSION = YES;
				CLANG_WARN_OBJC_ROOT_CLASS = YES_ERROR;
				CLANG_WARN_RANGE_LOOP_ANALYSIS = YES;
				CLANG_WARN_STRICT_PROTOTYPES = YES;
				CLANG_WARN_SUSPICIOUS_MOVE = YES;
				CLANG_WARN_UNGUARDED_AVAILABILITY = YES_AGGRESSIVE;
				CLANG_WARN_UNREACHABLE_CODE = YES;
				CLANG_WARN__DUPLICATE_METHOD_MATCH = YES;
				CODE_SIGN_IDENTITY = "iPhone Developer";
				COPY_PHASE_STRIP = NO;
				DEBUG_INFORMATION_FORMAT = "dwarf-with-dsym";
				ENABLE_NS_ASSERTIONS = NO;
				ENABLE_STRICT_OBJC_MSGSEND = YES;
				GCC_C_LANGUAGE_STANDARD = gnu11;
				GCC_NO_COMMON_BLOCKS = YES;
				GCC_WARN_64_TO_32_BIT_CONVERSION = YES;
				GCC_WARN_ABOUT_RETURN_TYPE = YES_ERROR;
				GCC_WARN_UNDECLARED_SELECTOR = YES;
				GCC_WARN_UNINITIALIZED_AUTOS = YES_AGGRESSIVE;
				GCC_WARN_UNUSED_FUNCTION = YES;
				GCC_WARN_UNUSED_VARIABLE = YES;
				IPHONEOS_DEPLOYMENT_TARGET = 12.1;
				MTL_ENABLE_DEBUG_INFO = NO;
				MTL_FAST_MATH = YES;
				SDKROOT = iphoneos;
				SWIFT_COMPILATION_MODE = wholemodule;
				SWIFT_OPTIMIZATION_LEVEL = "-O";
				VALIDATE_PRODUCT = YES;
			};
			name = Release;
		};
		7DFF513B22262ED200D98613 /* Debug */ = {
			isa = XCBuildConfiguration;
			baseConfigurationReference = 2F6D0982D83AE56D3F96DB23 /* Pods-TimeManager.debug.xcconfig */;
			buildSettings = {
				ALWAYS_EMBED_SWIFT_STANDARD_LIBRARIES = YES;
				ASSETCATALOG_COMPILER_APPICON_NAME = AppIcon;
				CODE_SIGN_ENTITLEMENTS = TimeManager/TimeManager.entitlements;
				CODE_SIGN_STYLE = Automatic;
				DEVELOPMENT_TEAM = EJ866KW4R6;
				INFOPLIST_FILE = "$(SRCROOT)/TimeManager/Supporting Files/Info.plist";
				IPHONEOS_DEPLOYMENT_TARGET = 9.0;
				LD_RUNPATH_SEARCH_PATHS = (
					"$(inherited)",
					"@executable_path/Frameworks",
				);
				PRODUCT_BUNDLE_IDENTIFIER = com.caohr.TimeManager;
				PRODUCT_NAME = "$(TARGET_NAME)";
				SWIFT_OBJC_BRIDGING_HEADER = "$(SRCROOT)/TimeManager/Supporting Files/Bridging-Header.h";
				SWIFT_VERSION = 4.0;
				TARGETED_DEVICE_FAMILY = "1,2";
			};
			name = Debug;
		};
		7DFF513C22262ED200D98613 /* Release */ = {
			isa = XCBuildConfiguration;
			baseConfigurationReference = ED5FC6DEDD20FDB83F5D3D10 /* Pods-TimeManager.release.xcconfig */;
			buildSettings = {
				ALWAYS_EMBED_SWIFT_STANDARD_LIBRARIES = YES;
				ASSETCATALOG_COMPILER_APPICON_NAME = AppIcon;
				CODE_SIGN_ENTITLEMENTS = TimeManager/TimeManager.entitlements;
				CODE_SIGN_STYLE = Automatic;
				DEVELOPMENT_TEAM = EJ866KW4R6;
				INFOPLIST_FILE = "$(SRCROOT)/TimeManager/Supporting Files/Info.plist";
				IPHONEOS_DEPLOYMENT_TARGET = 9.0;
				LD_RUNPATH_SEARCH_PATHS = (
					"$(inherited)",
					"@executable_path/Frameworks",
				);
				PRODUCT_BUNDLE_IDENTIFIER = com.caohr.TimeManager;
				PRODUCT_NAME = "$(TARGET_NAME)";
				SWIFT_OBJC_BRIDGING_HEADER = "$(SRCROOT)/TimeManager/Supporting Files/Bridging-Header.h";
				SWIFT_VERSION = 4.0;
				TARGETED_DEVICE_FAMILY = "1,2";
			};
			name = Release;
		};
		7DFF516A22269E3100D98613 /* Debug */ = {
			isa = XCBuildConfiguration;
			baseConfigurationReference = CB074745B6FA9F35852192A9 /* Pods-TimeManager_Widget.debug.xcconfig */;
			buildSettings = {
				CODE_SIGN_STYLE = Automatic;
				DEVELOPMENT_TEAM = EJ866KW4R6;
				INFOPLIST_FILE = TimeManager_Widget/Info.plist;
				LD_RUNPATH_SEARCH_PATHS = (
					"$(inherited)",
					"@executable_path/Frameworks",
					"@executable_path/../../Frameworks",
				);
				PRODUCT_BUNDLE_IDENTIFIER = "com.caohr.TimeManager.TimeManager-Widget";
				PRODUCT_NAME = "$(TARGET_NAME)";
				SKIP_INSTALL = YES;
				SWIFT_VERSION = 4.0;
				TARGETED_DEVICE_FAMILY = "1,2";
			};
			name = Debug;
		};
		7DFF516B22269E3100D98613 /* Release */ = {
			isa = XCBuildConfiguration;
			baseConfigurationReference = A5CD7FEE22ACE6BEF33BC3EF /* Pods-TimeManager_Widget.release.xcconfig */;
			buildSettings = {
				CODE_SIGN_STYLE = Automatic;
				DEVELOPMENT_TEAM = EJ866KW4R6;
				INFOPLIST_FILE = TimeManager_Widget/Info.plist;
				LD_RUNPATH_SEARCH_PATHS = (
					"$(inherited)",
					"@executable_path/Frameworks",
					"@executable_path/../../Frameworks",
				);
				PRODUCT_BUNDLE_IDENTIFIER = "com.caohr.TimeManager.TimeManager-Widget";
				PRODUCT_NAME = "$(TARGET_NAME)";
				SKIP_INSTALL = YES;
				SWIFT_VERSION = 4.0;
				TARGETED_DEVICE_FAMILY = "1,2";
			};
			name = Release;
		};
/* End XCBuildConfiguration section */

/* Begin XCConfigurationList section */
		7DFF512322262ED000D98613 /* Build configuration list for PBXProject "TimeManager" */ = {
			isa = XCConfigurationList;
			buildConfigurations = (
				7DFF513822262ED200D98613 /* Debug */,
				7DFF513922262ED200D98613 /* Release */,
			);
			defaultConfigurationIsVisible = 0;
			defaultConfigurationName = Release;
		};
		7DFF513A22262ED200D98613 /* Build configuration list for PBXNativeTarget "TimeManager" */ = {
			isa = XCConfigurationList;
			buildConfigurations = (
				7DFF513B22262ED200D98613 /* Debug */,
				7DFF513C22262ED200D98613 /* Release */,
			);
			defaultConfigurationIsVisible = 0;
			defaultConfigurationName = Release;
		};
		7DFF516922269E3100D98613 /* Build configuration list for PBXNativeTarget "TimeManager_Widget" */ = {
			isa = XCConfigurationList;
			buildConfigurations = (
				7DFF516A22269E3100D98613 /* Debug */,
				7DFF516B22269E3100D98613 /* Release */,
			);
			defaultConfigurationIsVisible = 0;
			defaultConfigurationName = Release;
		};
/* End XCConfigurationList section */

/* Begin XCVersionGroup section */
		7D999D23225B39B0006B49B7 /* OpenGpxTracker.xcdatamodeld */ = {
			isa = XCVersionGroup;
			children = (
				7D999D24225B39B0006B49B7 /* OpenGpxTracker.xcdatamodel */,
			);
			currentVersion = 7D999D24225B39B0006B49B7 /* OpenGpxTracker.xcdatamodel */;
			path = OpenGpxTracker.xcdatamodeld;
			sourceTree = "<group>";
			versionGroupType = wrapper.xcdatamodel;
		};
/* End XCVersionGroup section */
	};
	rootObject = 7DFF512022262ED000D98613 /* Project object */;
}
